// !$*UTF8*$!
{
	archiveVersion = 1;
	classes = {
	};
	objectVersion = 46;
	objects = {

/* Begin PBXBuildFile section */
		BCC405331DD0A00E00E313F7 /* main.m in Sources */ = {isa = PBXBuildFile; fileRef = BCC405321DD0A00E00E313F7 /* main.m */; };
		BCC405361DD0A00E00E313F7 /* AppDelegate.m in Sources */ = {isa = PBXBuildFile; fileRef = BCC405351DD0A00E00E313F7 /* AppDelegate.m */; };
		BCC405391DD0A00E00E313F7 /* ViewController.m in Sources */ = {isa = PBXBuildFile; fileRef = BCC405381DD0A00E00E313F7 /* ViewController.m */; };
		BCC4053C1DD0A00E00E313F7 /* Main.storyboard in Resources */ = {isa = PBXBuildFile; fileRef = BCC4053A1DD0A00E00E313F7 /* Main.storyboard */; };
		BCC4053F1DD0A00E00E313F7 /* RoadApp.xcdatamodeld in Sources */ = {isa = PBXBuildFile; fileRef = BCC4053D1DD0A00E00E313F7 /* RoadApp.xcdatamodeld */; };
		BCC405411DD0A00E00E313F7 /* Assets.xcassets in Resources */ = {isa = PBXBuildFile; fileRef = BCC405401DD0A00E00E313F7 /* Assets.xcassets */; };
		BCC405441DD0A00E00E313F7 /* LaunchScreen.storyboard in Resources */ = {isa = PBXBuildFile; fileRef = BCC405421DD0A00E00E313F7 /* LaunchScreen.storyboard */; };
		BCC4054F1DD0A00F00E313F7 /* RoadAppTests.m in Sources */ = {isa = PBXBuildFile; fileRef = BCC4054E1DD0A00F00E313F7 /* RoadAppTests.m */; };
		BCC4055A1DD0A00F00E313F7 /* RoadAppUITests.m in Sources */ = {isa = PBXBuildFile; fileRef = BCC405591DD0A00F00E313F7 /* RoadAppUITests.m */; };
		BCC405691DD0A06400E313F7 /* LoginController.m in Sources */ = {isa = PBXBuildFile; fileRef = BCC405681DD0A06400E313F7 /* LoginController.m */; };
		BCC405711DD0A16200E313F7 /* FrameWork in Resources */ = {isa = PBXBuildFile; fileRef = BCC405701DD0A16200E313F7 /* FrameWork */; };
		BCC4057C1DD0A50800E313F7 /* JSON in Resources */ = {isa = PBXBuildFile; fileRef = BCC4057B1DD0A50800E313F7 /* JSON */; };
		BCC405831DD0AD1800E313F7 /* Utilities in Resources */ = {isa = PBXBuildFile; fileRef = BCC405821DD0AD1800E313F7 /* Utilities */; };
		BCC405D01DD0BA7300E313F7 /* QuartzCore.framework in Frameworks */ = {isa = PBXBuildFile; fileRef = BCC405CF1DD0BA7300E313F7 /* QuartzCore.framework */; };
		BCC405D21DD0BA9B00E313F7 /* CoreData.framework in Frameworks */ = {isa = PBXBuildFile; fileRef = BCC405D11DD0BA9B00E313F7 /* CoreData.framework */; };
		BCC405D41DD0BB2900E313F7 /* JSONParser.m in Sources */ = {isa = PBXBuildFile; fileRef = BCC405D31DD0BB2900E313F7 /* JSONParser.m */; };
		BCC405D51DD0BB4E00E313F7 /* AFHTTPRequestOperation.m in Sources */ = {isa = PBXBuildFile; fileRef = BCC4058B1DD0B97800E313F7 /* AFHTTPRequestOperation.m */; };
		BCC405D61DD0BB4E00E313F7 /* AFHTTPRequestOperationManager.m in Sources */ = {isa = PBXBuildFile; fileRef = BCC4058D1DD0B97800E313F7 /* AFHTTPRequestOperationManager.m */; };
		BCC405D71DD0BB4E00E313F7 /* AFHTTPSessionManager.m in Sources */ = {isa = PBXBuildFile; fileRef = BCC4058F1DD0B97800E313F7 /* AFHTTPSessionManager.m */; };
		BCC405D81DD0BB4E00E313F7 /* AFNetworkReachabilityManager.m in Sources */ = {isa = PBXBuildFile; fileRef = BCC405911DD0B97800E313F7 /* AFNetworkReachabilityManager.m */; };
		BCC405D91DD0BB4E00E313F7 /* AFSecurityPolicy.m in Sources */ = {isa = PBXBuildFile; fileRef = BCC405931DD0B97800E313F7 /* AFSecurityPolicy.m */; };
		BCC405DA1DD0BB4E00E313F7 /* AFURLConnectionOperation.m in Sources */ = {isa = PBXBuildFile; fileRef = BCC405951DD0B97800E313F7 /* AFURLConnectionOperation.m */; };
		BCC405DB1DD0BB4E00E313F7 /* AFURLRequestSerialization.m in Sources */ = {isa = PBXBuildFile; fileRef = BCC405971DD0B97800E313F7 /* AFURLRequestSerialization.m */; };
		BCC405DC1DD0BB4E00E313F7 /* AFURLResponseSerialization.m in Sources */ = {isa = PBXBuildFile; fileRef = BCC405991DD0B97800E313F7 /* AFURLResponseSerialization.m */; };
		BCC405DD1DD0BB4E00E313F7 /* AFURLSessionManager.m in Sources */ = {isa = PBXBuildFile; fileRef = BCC4059B1DD0B97800E313F7 /* AFURLSessionManager.m */; };
		BCC405DE1DD0BB4E00E313F7 /* Reachability.m in Sources */ = {isa = PBXBuildFile; fileRef = BCC4059D1DD0B97800E313F7 /* Reachability.m */; };
		BCC405DF1DD0BB4E00E313F7 /* JsonParserWithAF.m in Sources */ = {isa = PBXBuildFile; fileRef = BCC405881DD0B94900E313F7 /* JsonParserWithAF.m */; };
		BCC405EC1DD0C0B700E313F7 /* SVIndefiniteAnimatedView.m in Sources */ = {isa = PBXBuildFile; fileRef = BCC405E11DD0BCF200E313F7 /* SVIndefiniteAnimatedView.m */; };
		BCC405ED1DD0C0B700E313F7 /* SVProgressHUD.m in Sources */ = {isa = PBXBuildFile; fileRef = BCC405E21DD0BCF200E313F7 /* SVProgressHUD.m */; };
		BCC405EF1DD0C57C00E313F7 /* SVProgressHUD.bundle in Resources */ = {isa = PBXBuildFile; fileRef = BCC405E71DD0BD5A00E313F7 /* SVProgressHUD.bundle */; };
/* End PBXBuildFile section */

/* Begin PBXContainerItemProxy section */
		BCC4054B1DD0A00F00E313F7 /* PBXContainerItemProxy */ = {
			isa = PBXContainerItemProxy;
			containerPortal = BCC405261DD0A00E00E313F7 /* Project object */;
			proxyType = 1;
			remoteGlobalIDString = BCC4052D1DD0A00E00E313F7;
			remoteInfo = RoadApp;
		};
		BCC405561DD0A00F00E313F7 /* PBXContainerItemProxy */ = {
			isa = PBXContainerItemProxy;
			containerPortal = BCC405261DD0A00E00E313F7 /* Project object */;
			proxyType = 1;
			remoteGlobalIDString = BCC4052D1DD0A00E00E313F7;
			remoteInfo = RoadApp;
		};
/* End PBXContainerItemProxy section */

/* Begin PBXFileReference section */
		BCC4052E1DD0A00E00E313F7 /* RoadApp.app */ = {isa = PBXFileReference; explicitFileType = wrapper.application; includeInIndex = 0; path = RoadApp.app; sourceTree = BUILT_PRODUCTS_DIR; };
		BCC405321DD0A00E00E313F7 /* main.m */ = {isa = PBXFileReference; lastKnownFileType = sourcecode.c.objc; path = main.m; sourceTree = "<group>"; };
		BCC405341DD0A00E00E313F7 /* AppDelegate.h */ = {isa = PBXFileReference; lastKnownFileType = sourcecode.c.h; path = AppDelegate.h; sourceTree = "<group>"; };
		BCC405351DD0A00E00E313F7 /* AppDelegate.m */ = {isa = PBXFileReference; lastKnownFileType = sourcecode.c.objc; path = AppDelegate.m; sourceTree = "<group>"; };
		BCC405371DD0A00E00E313F7 /* ViewController.h */ = {isa = PBXFileReference; lastKnownFileType = sourcecode.c.h; path = ViewController.h; sourceTree = "<group>"; };
		BCC405381DD0A00E00E313F7 /* ViewController.m */ = {isa = PBXFileReference; lastKnownFileType = sourcecode.c.objc; path = ViewController.m; sourceTree = "<group>"; };
		BCC4053B1DD0A00E00E313F7 /* Base */ = {isa = PBXFileReference; lastKnownFileType = file.storyboard; name = Base; path = Base.lproj/Main.storyboard; sourceTree = "<group>"; };
		BCC4053E1DD0A00E00E313F7 /* RoadApp.xcdatamodel */ = {isa = PBXFileReference; lastKnownFileType = wrapper.xcdatamodel; path = RoadApp.xcdatamodel; sourceTree = "<group>"; };
		BCC405401DD0A00E00E313F7 /* Assets.xcassets */ = {isa = PBXFileReference; lastKnownFileType = folder.assetcatalog; path = Assets.xcassets; sourceTree = "<group>"; };
		BCC405431DD0A00E00E313F7 /* Base */ = {isa = PBXFileReference; lastKnownFileType = file.storyboard; name = Base; path = Base.lproj/LaunchScreen.storyboard; sourceTree = "<group>"; };
		BCC405451DD0A00E00E313F7 /* Info.plist */ = {isa = PBXFileReference; lastKnownFileType = text.plist.xml; path = Info.plist; sourceTree = "<group>"; };
		BCC4054A1DD0A00F00E313F7 /* RoadAppTests.xctest */ = {isa = PBXFileReference; explicitFileType = wrapper.cfbundle; includeInIndex = 0; path = RoadAppTests.xctest; sourceTree = BUILT_PRODUCTS_DIR; };
		BCC4054E1DD0A00F00E313F7 /* RoadAppTests.m */ = {isa = PBXFileReference; lastKnownFileType = sourcecode.c.objc; path = RoadAppTests.m; sourceTree = "<group>"; };
		BCC405501DD0A00F00E313F7 /* Info.plist */ = {isa = PBXFileReference; lastKnownFileType = text.plist.xml; path = Info.plist; sourceTree = "<group>"; };
		BCC405551DD0A00F00E313F7 /* RoadAppUITests.xctest */ = {isa = PBXFileReference; explicitFileType = wrapper.cfbundle; includeInIndex = 0; path = RoadAppUITests.xctest; sourceTree = BUILT_PRODUCTS_DIR; };
		BCC405591DD0A00F00E313F7 /* RoadAppUITests.m */ = {isa = PBXFileReference; lastKnownFileType = sourcecode.c.objc; path = RoadAppUITests.m; sourceTree = "<group>"; };
		BCC4055B1DD0A00F00E313F7 /* Info.plist */ = {isa = PBXFileReference; lastKnownFileType = text.plist.xml; path = Info.plist; sourceTree = "<group>"; };
		BCC405671DD0A06400E313F7 /* LoginController.h */ = {isa = PBXFileReference; fileEncoding = 4; lastKnownFileType = sourcecode.c.h; path = LoginController.h; sourceTree = "<group>"; };
		BCC405681DD0A06400E313F7 /* LoginController.m */ = {isa = PBXFileReference; fileEncoding = 4; lastKnownFileType = sourcecode.c.objc; path = LoginController.m; sourceTree = "<group>"; };
		BCC405701DD0A16200E313F7 /* FrameWork */ = {isa = PBXFileReference; lastKnownFileType = folder; path = FrameWork; sourceTree = "<group>"; };
		BCC405771DD0A48C00E313F7 /* AFNetworking.h */ = {isa = PBXFileReference; lastKnownFileType = sourcecode.c.h; name = AFNetworking.h; path = RoadApp/FrameWork/AFNetworking/AFNetworking.h; sourceTree = "<group>"; };
		BCC405791DD0A4B300E313F7 /* SVProgressHUD.h */ = {isa = PBXFileReference; lastKnownFileType = sourcecode.c.h; name = SVProgressHUD.h; path = RoadApp/FrameWork/SVProgressHUD/SVProgressHUD.h; sourceTree = "<group>"; };
		BCC4057B1DD0A50800E313F7 /* JSON */ = {isa = PBXFileReference; lastKnownFileType = folder; path = JSON; sourceTree = "<group>"; };
		BCC405821DD0AD1800E313F7 /* Utilities */ = {isa = PBXFileReference; lastKnownFileType = folder; path = Utilities; sourceTree = "<group>"; };
		BCC405861DD0B78700E313F7 /* JSONParser.m */ = {isa = PBXFileReference; lastKnownFileType = sourcecode.c.objc; name = JSONParser.m; path = RoadApp/JSON/JSONParser.m; sourceTree = "<group>"; };
		BCC405881DD0B94900E313F7 /* JsonParserWithAF.m */ = {isa = PBXFileReference; lastKnownFileType = sourcecode.c.objc; name = JsonParserWithAF.m; path = RoadApp/JSON/JsonParserWithAF.m; sourceTree = "<group>"; };
		BCC4058A1DD0B97800E313F7 /* AFHTTPRequestOperation.h */ = {isa = PBXFileReference; lastKnownFileType = sourcecode.c.h; name = AFHTTPRequestOperation.h; path = RoadApp/FrameWork/AFNetworking/AFHTTPRequestOperation.h; sourceTree = "<group>"; };
		BCC4058B1DD0B97800E313F7 /* AFHTTPRequestOperation.m */ = {isa = PBXFileReference; lastKnownFileType = sourcecode.c.objc; name = AFHTTPRequestOperation.m; path = RoadApp/FrameWork/AFNetworking/AFHTTPRequestOperation.m; sourceTree = "<group>"; };
		BCC4058C1DD0B97800E313F7 /* AFHTTPRequestOperationManager.h */ = {isa = PBXFileReference; lastKnownFileType = sourcecode.c.h; name = AFHTTPRequestOperationManager.h; path = RoadApp/FrameWork/AFNetworking/AFHTTPRequestOperationManager.h; sourceTree = "<group>"; };
		BCC4058D1DD0B97800E313F7 /* AFHTTPRequestOperationManager.m */ = {isa = PBXFileReference; lastKnownFileType = sourcecode.c.objc; name = AFHTTPRequestOperationManager.m; path = RoadApp/FrameWork/AFNetworking/AFHTTPRequestOperationManager.m; sourceTree = "<group>"; };
		BCC4058E1DD0B97800E313F7 /* AFHTTPSessionManager.h */ = {isa = PBXFileReference; lastKnownFileType = sourcecode.c.h; name = AFHTTPSessionManager.h; path = RoadApp/FrameWork/AFNetworking/AFHTTPSessionManager.h; sourceTree = "<group>"; };
		BCC4058F1DD0B97800E313F7 /* AFHTTPSessionManager.m */ = {isa = PBXFileReference; lastKnownFileType = sourcecode.c.objc; name = AFHTTPSessionManager.m; path = RoadApp/FrameWork/AFNetworking/AFHTTPSessionManager.m; sourceTree = "<group>"; };
		BCC405901DD0B97800E313F7 /* AFNetworkReachabilityManager.h */ = {isa = PBXFileReference; lastKnownFileType = sourcecode.c.h; name = AFNetworkReachabilityManager.h; path = RoadApp/FrameWork/AFNetworking/AFNetworkReachabilityManager.h; sourceTree = "<group>"; };
		BCC405911DD0B97800E313F7 /* AFNetworkReachabilityManager.m */ = {isa = PBXFileReference; lastKnownFileType = sourcecode.c.objc; name = AFNetworkReachabilityManager.m; path = RoadApp/FrameWork/AFNetworking/AFNetworkReachabilityManager.m; sourceTree = "<group>"; };
		BCC405921DD0B97800E313F7 /* AFSecurityPolicy.h */ = {isa = PBXFileReference; lastKnownFileType = sourcecode.c.h; name = AFSecurityPolicy.h; path = RoadApp/FrameWork/AFNetworking/AFSecurityPolicy.h; sourceTree = "<group>"; };
		BCC405931DD0B97800E313F7 /* AFSecurityPolicy.m */ = {isa = PBXFileReference; lastKnownFileType = sourcecode.c.objc; name = AFSecurityPolicy.m; path = RoadApp/FrameWork/AFNetworking/AFSecurityPolicy.m; sourceTree = "<group>"; };
		BCC405941DD0B97800E313F7 /* AFURLConnectionOperation.h */ = {isa = PBXFileReference; lastKnownFileType = sourcecode.c.h; name = AFURLConnectionOperation.h; path = RoadApp/FrameWork/AFNetworking/AFURLConnectionOperation.h; sourceTree = "<group>"; };
		BCC405951DD0B97800E313F7 /* AFURLConnectionOperation.m */ = {isa = PBXFileReference; lastKnownFileType = sourcecode.c.objc; name = AFURLConnectionOperation.m; path = RoadApp/FrameWork/AFNetworking/AFURLConnectionOperation.m; sourceTree = "<group>"; };
		BCC405961DD0B97800E313F7 /* AFURLRequestSerialization.h */ = {isa = PBXFileReference; lastKnownFileType = sourcecode.c.h; name = AFURLRequestSerialization.h; path = RoadApp/FrameWork/AFNetworking/AFURLRequestSerialization.h; sourceTree = "<group>"; };
		BCC405971DD0B97800E313F7 /* AFURLRequestSerialization.m */ = {isa = PBXFileReference; lastKnownFileType = sourcecode.c.objc; name = AFURLRequestSerialization.m; path = RoadApp/FrameWork/AFNetworking/AFURLRequestSerialization.m; sourceTree = "<group>"; };
		BCC405981DD0B97800E313F7 /* AFURLResponseSerialization.h */ = {isa = PBXFileReference; lastKnownFileType = sourcecode.c.h; name = AFURLResponseSerialization.h; path = RoadApp/FrameWork/AFNetworking/AFURLResponseSerialization.h; sourceTree = "<group>"; };
		BCC405991DD0B97800E313F7 /* AFURLResponseSerialization.m */ = {isa = PBXFileReference; lastKnownFileType = sourcecode.c.objc; name = AFURLResponseSerialization.m; path = RoadApp/FrameWork/AFNetworking/AFURLResponseSerialization.m; sourceTree = "<group>"; };
		BCC4059A1DD0B97800E313F7 /* AFURLSessionManager.h */ = {isa = PBXFileReference; lastKnownFileType = sourcecode.c.h; name = AFURLSessionManager.h; path = RoadApp/FrameWork/AFNetworking/AFURLSessionManager.h; sourceTree = "<group>"; };
		BCC4059B1DD0B97800E313F7 /* AFURLSessionManager.m */ = {isa = PBXFileReference; lastKnownFileType = sourcecode.c.objc; name = AFURLSessionManager.m; path = RoadApp/FrameWork/AFNetworking/AFURLSessionManager.m; sourceTree = "<group>"; };
		BCC4059C1DD0B97800E313F7 /* Reachability.h */ = {isa = PBXFileReference; lastKnownFileType = sourcecode.c.h; name = Reachability.h; path = RoadApp/FrameWork/AFNetworking/Reachability.h; sourceTree = "<group>"; };
		BCC4059D1DD0B97800E313F7 /* Reachability.m */ = {isa = PBXFileReference; lastKnownFileType = sourcecode.c.objc; name = Reachability.m; path = RoadApp/FrameWork/AFNetworking/Reachability.m; sourceTree = "<group>"; };
		BCC405B41DD0B99700E313F7 /* JSONParser.h */ = {isa = PBXFileReference; lastKnownFileType = sourcecode.c.h; name = JSONParser.h; path = RoadApp/JSON/JSONParser.h; sourceTree = "<group>"; };
		BCC405B51DD0B99700E313F7 /* JsonParserWithAF.h */ = {isa = PBXFileReference; lastKnownFileType = sourcecode.c.h; name = JsonParserWithAF.h; path = RoadApp/JSON/JsonParserWithAF.h; sourceTree = "<group>"; };
		BCC405CF1DD0BA7300E313F7 /* QuartzCore.framework */ = {isa = PBXFileReference; lastKnownFileType = wrapper.framework; name = QuartzCore.framework; path = System/Library/Frameworks/QuartzCore.framework; sourceTree = SDKROOT; };
		BCC405D11DD0BA9B00E313F7 /* CoreData.framework */ = {isa = PBXFileReference; lastKnownFileType = wrapper.framework; name = CoreData.framework; path = System/Library/Frameworks/CoreData.framework; sourceTree = SDKROOT; };
		BCC405D31DD0BB2900E313F7 /* JSONParser.m */ = {isa = PBXFileReference; lastKnownFileType = sourcecode.c.objc; name = JSONParser.m; path = RoadApp/JSON/JSONParser.m; sourceTree = "<group>"; };
		BCC405E11DD0BCF200E313F7 /* SVIndefiniteAnimatedView.m */ = {isa = PBXFileReference; lastKnownFileType = sourcecode.c.objc; name = SVIndefiniteAnimatedView.m; path = RoadApp/FrameWork/SVProgressHUD/SVIndefiniteAnimatedView.m; sourceTree = "<group>"; };
		BCC405E21DD0BCF200E313F7 /* SVProgressHUD.m */ = {isa = PBXFileReference; lastKnownFileType = sourcecode.c.objc; name = SVProgressHUD.m; path = RoadApp/FrameWork/SVProgressHUD/SVProgressHUD.m; sourceTree = "<group>"; };
		BCC405E51DD0BD5A00E313F7 /* SVIndefiniteAnimatedView.h */ = {isa = PBXFileReference; lastKnownFileType = sourcecode.c.h; name = SVIndefiniteAnimatedView.h; path = RoadApp/FrameWork/SVProgressHUD/SVIndefiniteAnimatedView.h; sourceTree = "<group>"; };
		BCC405E61DD0BD5A00E313F7 /* SVProgressHUD-Prefix.pch */ = {isa = PBXFileReference; lastKnownFileType = sourcecode.c.h; name = "SVProgressHUD-Prefix.pch"; path = "RoadApp/FrameWork/SVProgressHUD/SVProgressHUD-Prefix.pch"; sourceTree = "<group>"; };
		BCC405E71DD0BD5A00E313F7 /* SVProgressHUD.bundle */ = {isa = PBXFileReference; lastKnownFileType = "wrapper.plug-in"; name = SVProgressHUD.bundle; path = RoadApp/FrameWork/SVProgressHUD/SVProgressHUD.bundle; sourceTree = "<group>"; };
/* End PBXFileReference section */

/* Begin PBXFrameworksBuildPhase section */
		BCC4052B1DD0A00E00E313F7 /* Frameworks */ = {
			isa = PBXFrameworksBuildPhase;
			buildActionMask = 2147483647;
			files = (
				BCC405D21DD0BA9B00E313F7 /* CoreData.framework in Frameworks */,
				BCC405D01DD0BA7300E313F7 /* QuartzCore.framework in Frameworks */,
			);
			runOnlyForDeploymentPostprocessing = 0;
		};
		BCC405471DD0A00F00E313F7 /* Frameworks */ = {
			isa = PBXFrameworksBuildPhase;
			buildActionMask = 2147483647;
			files = (
			);
			runOnlyForDeploymentPostprocessing = 0;
		};
		BCC405521DD0A00F00E313F7 /* Frameworks */ = {
			isa = PBXFrameworksBuildPhase;
			buildActionMask = 2147483647;
			files = (
			);
			runOnlyForDeploymentPostprocessing = 0;
		};
/* End PBXFrameworksBuildPhase section */

/* Begin PBXGroup section */
		BCC405251DD0A00E00E313F7 = {
			isa = PBXGroup;
			children = (
				BCC405E51DD0BD5A00E313F7 /* SVIndefiniteAnimatedView.h */,
				BCC405E61DD0BD5A00E313F7 /* SVProgressHUD-Prefix.pch */,
				BCC405E71DD0BD5A00E313F7 /* SVProgressHUD.bundle */,
				BCC405E11DD0BCF200E313F7 /* SVIndefiniteAnimatedView.m */,
				BCC405E21DD0BCF200E313F7 /* SVProgressHUD.m */,
				BCC405D31DD0BB2900E313F7 /* JSONParser.m */,
				BCC405D11DD0BA9B00E313F7 /* CoreData.framework */,
				BCC405CF1DD0BA7300E313F7 /* QuartzCore.framework */,
				BCC405B41DD0B99700E313F7 /* JSONParser.h */,
				BCC405B51DD0B99700E313F7 /* JsonParserWithAF.h */,
				BCC4058A1DD0B97800E313F7 /* AFHTTPRequestOperation.h */,
				BCC4058B1DD0B97800E313F7 /* AFHTTPRequestOperation.m */,
				BCC4058C1DD0B97800E313F7 /* AFHTTPRequestOperationManager.h */,
				BCC4058D1DD0B97800E313F7 /* AFHTTPRequestOperationManager.m */,
				BCC4058E1DD0B97800E313F7 /* AFHTTPSessionManager.h */,
				BCC4058F1DD0B97800E313F7 /* AFHTTPSessionManager.m */,
				BCC405901DD0B97800E313F7 /* AFNetworkReachabilityManager.h */,
				BCC405911DD0B97800E313F7 /* AFNetworkReachabilityManager.m */,
				BCC405921DD0B97800E313F7 /* AFSecurityPolicy.h */,
				BCC405931DD0B97800E313F7 /* AFSecurityPolicy.m */,
				BCC405941DD0B97800E313F7 /* AFURLConnectionOperation.h */,
				BCC405951DD0B97800E313F7 /* AFURLConnectionOperation.m */,
				BCC405961DD0B97800E313F7 /* AFURLRequestSerialization.h */,
				BCC405971DD0B97800E313F7 /* AFURLRequestSerialization.m */,
				BCC405981DD0B97800E313F7 /* AFURLResponseSerialization.h */,
				BCC405991DD0B97800E313F7 /* AFURLResponseSerialization.m */,
				BCC4059A1DD0B97800E313F7 /* AFURLSessionManager.h */,
				BCC4059B1DD0B97800E313F7 /* AFURLSessionManager.m */,
				BCC4059C1DD0B97800E313F7 /* Reachability.h */,
				BCC4059D1DD0B97800E313F7 /* Reachability.m */,
				BCC405881DD0B94900E313F7 /* JsonParserWithAF.m */,
				BCC405861DD0B78700E313F7 /* JSONParser.m */,
				BCC405791DD0A4B300E313F7 /* SVProgressHUD.h */,
				BCC405771DD0A48C00E313F7 /* AFNetworking.h */,
				BCC405301DD0A00E00E313F7 /* RoadApp */,
				BCC4054D1DD0A00F00E313F7 /* RoadAppTests */,
				BCC405581DD0A00F00E313F7 /* RoadAppUITests */,
				BCC4052F1DD0A00E00E313F7 /* Products */,
			);
			sourceTree = "<group>";
		};
		BCC4052F1DD0A00E00E313F7 /* Products */ = {
			isa = PBXGroup;
			children = (
				BCC4052E1DD0A00E00E313F7 /* RoadApp.app */,
				BCC4054A1DD0A00F00E313F7 /* RoadAppTests.xctest */,
				BCC405551DD0A00F00E313F7 /* RoadAppUITests.xctest */,
			);
			name = Products;
			sourceTree = "<group>";
		};
		BCC405301DD0A00E00E313F7 /* RoadApp */ = {
			isa = PBXGroup;
			children = (
				BCC405821DD0AD1800E313F7 /* Utilities */,
				BCC4057B1DD0A50800E313F7 /* JSON */,
				BCC405701DD0A16200E313F7 /* FrameWork */,
				BCC405671DD0A06400E313F7 /* LoginController.h */,
				BCC405681DD0A06400E313F7 /* LoginController.m */,
				BCC405341DD0A00E00E313F7 /* AppDelegate.h */,
				BCC405351DD0A00E00E313F7 /* AppDelegate.m */,
				BCC405371DD0A00E00E313F7 /* ViewController.h */,
				BCC405381DD0A00E00E313F7 /* ViewController.m */,
				BCC4053A1DD0A00E00E313F7 /* Main.storyboard */,
				BCC405401DD0A00E00E313F7 /* Assets.xcassets */,
				BCC405421DD0A00E00E313F7 /* LaunchScreen.storyboard */,
				BCC405451DD0A00E00E313F7 /* Info.plist */,
				BCC4053D1DD0A00E00E313F7 /* RoadApp.xcdatamodeld */,
				BCC405311DD0A00E00E313F7 /* Supporting Files */,
			);
			path = RoadApp;
			sourceTree = "<group>";
		};
		BCC405311DD0A00E00E313F7 /* Supporting Files */ = {
			isa = PBXGroup;
			children = (
				BCC405321DD0A00E00E313F7 /* main.m */,
			);
			name = "Supporting Files";
			sourceTree = "<group>";
		};
		BCC4054D1DD0A00F00E313F7 /* RoadAppTests */ = {
			isa = PBXGroup;
			children = (
				BCC4054E1DD0A00F00E313F7 /* RoadAppTests.m */,
				BCC405501DD0A00F00E313F7 /* Info.plist */,
			);
			path = RoadAppTests;
			sourceTree = "<group>";
		};
		BCC405581DD0A00F00E313F7 /* RoadAppUITests */ = {
			isa = PBXGroup;
			children = (
				BCC405591DD0A00F00E313F7 /* RoadAppUITests.m */,
				BCC4055B1DD0A00F00E313F7 /* Info.plist */,
			);
			path = RoadAppUITests;
			sourceTree = "<group>";
		};
/* End PBXGroup section */

/* Begin PBXNativeTarget section */
		BCC4052D1DD0A00E00E313F7 /* RoadApp */ = {
			isa = PBXNativeTarget;
			buildConfigurationList = BCC4055E1DD0A00F00E313F7 /* Build configuration list for PBXNativeTarget "RoadApp" */;
			buildPhases = (
				BCC4052A1DD0A00E00E313F7 /* Sources */,
				BCC4052B1DD0A00E00E313F7 /* Frameworks */,
				BCC4052C1DD0A00E00E313F7 /* Resources */,
			);
			buildRules = (
			);
			dependencies = (
			);
			name = RoadApp;
			productName = RoadApp;
			productReference = BCC4052E1DD0A00E00E313F7 /* RoadApp.app */;
			productType = "com.apple.product-type.application";
		};
		BCC405491DD0A00F00E313F7 /* RoadAppTests */ = {
			isa = PBXNativeTarget;
			buildConfigurationList = BCC405611DD0A00F00E313F7 /* Build configuration list for PBXNativeTarget "RoadAppTests" */;
			buildPhases = (
				BCC405461DD0A00F00E313F7 /* Sources */,
				BCC405471DD0A00F00E313F7 /* Frameworks */,
				BCC405481DD0A00F00E313F7 /* Resources */,
			);
			buildRules = (
			);
			dependencies = (
				BCC4054C1DD0A00F00E313F7 /* PBXTargetDependency */,
			);
			name = RoadAppTests;
			productName = RoadAppTests;
			productReference = BCC4054A1DD0A00F00E313F7 /* RoadAppTests.xctest */;
			productType = "com.apple.product-type.bundle.unit-test";
		};
		BCC405541DD0A00F00E313F7 /* RoadAppUITests */ = {
			isa = PBXNativeTarget;
			buildConfigurationList = BCC405641DD0A00F00E313F7 /* Build configuration list for PBXNativeTarget "RoadAppUITests" */;
			buildPhases = (
				BCC405511DD0A00F00E313F7 /* Sources */,
				BCC405521DD0A00F00E313F7 /* Frameworks */,
				BCC405531DD0A00F00E313F7 /* Resources */,
			);
			buildRules = (
			);
			dependencies = (
				BCC405571DD0A00F00E313F7 /* PBXTargetDependency */,
			);
			name = RoadAppUITests;
			productName = RoadAppUITests;
			productReference = BCC405551DD0A00F00E313F7 /* RoadAppUITests.xctest */;
			productType = "com.apple.product-type.bundle.ui-testing";
		};
/* End PBXNativeTarget section */

/* Begin PBXProject section */
		BCC405261DD0A00E00E313F7 /* Project object */ = {
			isa = PBXProject;
			attributes = {
				LastUpgradeCheck = 0730;
				ORGANIZATIONNAME = admin2;
				TargetAttributes = {
					BCC4052D1DD0A00E00E313F7 = {
						CreatedOnToolsVersion = 7.3.1;
						DevelopmentTeam = F25MJ69527;
					};
					BCC405491DD0A00F00E313F7 = {
						CreatedOnToolsVersion = 7.3.1;
						DevelopmentTeam = F25MJ69527;
						TestTargetID = BCC4052D1DD0A00E00E313F7;
					};
					BCC405541DD0A00F00E313F7 = {
						CreatedOnToolsVersion = 7.3.1;
						DevelopmentTeam = F25MJ69527;
						TestTargetID = BCC4052D1DD0A00E00E313F7;
					};
				};
			};
			buildConfigurationList = BCC405291DD0A00E00E313F7 /* Build configuration list for PBXProject "RoadApp" */;
			compatibilityVersion = "Xcode 3.2";
			developmentRegion = English;
			hasScannedForEncodings = 0;
			knownRegions = (
				en,
				Base,
			);
			mainGroup = BCC405251DD0A00E00E313F7;
			productRefGroup = BCC4052F1DD0A00E00E313F7 /* Products */;
			projectDirPath = "";
			projectRoot = "";
			targets = (
				BCC4052D1DD0A00E00E313F7 /* RoadApp */,
				BCC405491DD0A00F00E313F7 /* RoadAppTests */,
				BCC405541DD0A00F00E313F7 /* RoadAppUITests */,
			);
		};
/* End PBXProject section */

/* Begin PBXResourcesBuildPhase section */
		BCC4052C1DD0A00E00E313F7 /* Resources */ = {
			isa = PBXResourcesBuildPhase;
			buildActionMask = 2147483647;
			files = (
				BCC405EF1DD0C57C00E313F7 /* SVProgressHUD.bundle in Resources */,
				BCC4057C1DD0A50800E313F7 /* JSON in Resources */,
				BCC405831DD0AD1800E313F7 /* Utilities in Resources */,
				BCC405441DD0A00E00E313F7 /* LaunchScreen.storyboard in Resources */,
				BCC405411DD0A00E00E313F7 /* Assets.xcassets in Resources */,
				BCC4053C1DD0A00E00E313F7 /* Main.storyboard in Resources */,
				BCC405711DD0A16200E313F7 /* FrameWork in Resources */,
			);
			runOnlyForDeploymentPostprocessing = 0;
		};
		BCC405481DD0A00F00E313F7 /* Resources */ = {
			isa = PBXResourcesBuildPhase;
			buildActionMask = 2147483647;
			files = (
			);
			runOnlyForDeploymentPostprocessing = 0;
		};
		BCC405531DD0A00F00E313F7 /* Resources */ = {
			isa = PBXResourcesBuildPhase;
			buildActionMask = 2147483647;
			files = (
			);
			runOnlyForDeploymentPostprocessing = 0;
		};
/* End PBXResourcesBuildPhase section */

/* Begin PBXSourcesBuildPhase section */
		BCC4052A1DD0A00E00E313F7 /* Sources */ = {
			isa = PBXSourcesBuildPhase;
			buildActionMask = 2147483647;
			files = (
				BCC405EC1DD0C0B700E313F7 /* SVIndefiniteAnimatedView.m in Sources */,
				BCC405ED1DD0C0B700E313F7 /* SVProgressHUD.m in Sources */,
				BCC405D51DD0BB4E00E313F7 /* AFHTTPRequestOperation.m in Sources */,
				BCC405D61DD0BB4E00E313F7 /* AFHTTPRequestOperationManager.m in Sources */,
				BCC405D71DD0BB4E00E313F7 /* AFHTTPSessionManager.m in Sources */,
				BCC405D81DD0BB4E00E313F7 /* AFNetworkReachabilityManager.m in Sources */,
				BCC405D91DD0BB4E00E313F7 /* AFSecurityPolicy.m in Sources */,
				BCC405DA1DD0BB4E00E313F7 /* AFURLConnectionOperation.m in Sources */,
				BCC405DB1DD0BB4E00E313F7 /* AFURLRequestSerialization.m in Sources */,
				BCC405DC1DD0BB4E00E313F7 /* AFURLResponseSerialization.m in Sources */,
				BCC405DD1DD0BB4E00E313F7 /* AFURLSessionManager.m in Sources */,
				BCC405DE1DD0BB4E00E313F7 /* Reachability.m in Sources */,
				BCC405DF1DD0BB4E00E313F7 /* JsonParserWithAF.m in Sources */,
				BCC405D41DD0BB2900E313F7 /* JSONParser.m in Sources */,
				BCC405691DD0A06400E313F7 /* LoginController.m in Sources */,
				BCC405391DD0A00E00E313F7 /* ViewController.m in Sources */,
				BCC405361DD0A00E00E313F7 /* AppDelegate.m in Sources */,
				BCC405331DD0A00E00E313F7 /* main.m in Sources */,
				BCC4053F1DD0A00E00E313F7 /* RoadApp.xcdatamodeld in Sources */,
			);
			runOnlyForDeploymentPostprocessing = 0;
		};
		BCC405461DD0A00F00E313F7 /* Sources */ = {
			isa = PBXSourcesBuildPhase;
			buildActionMask = 2147483647;
			files = (
				BCC4054F1DD0A00F00E313F7 /* RoadAppTests.m in Sources */,
			);
			runOnlyForDeploymentPostprocessing = 0;
		};
		BCC405511DD0A00F00E313F7 /* Sources */ = {
			isa = PBXSourcesBuildPhase;
			buildActionMask = 2147483647;
			files = (
				BCC4055A1DD0A00F00E313F7 /* RoadAppUITests.m in Sources */,
			);
			runOnlyForDeploymentPostprocessing = 0;
		};
/* End PBXSourcesBuildPhase section */

/* Begin PBXTargetDependency section */
		BCC4054C1DD0A00F00E313F7 /* PBXTargetDependency */ = {
			isa = PBXTargetDependency;
			target = BCC4052D1DD0A00E00E313F7 /* RoadApp */;
			targetProxy = BCC4054B1DD0A00F00E313F7 /* PBXContainerItemProxy */;
		};
		BCC405571DD0A00F00E313F7 /* PBXTargetDependency */ = {
			isa = PBXTargetDependency;
			target = BCC4052D1DD0A00E00E313F7 /* RoadApp */;
			targetProxy = BCC405561DD0A00F00E313F7 /* PBXContainerItemProxy */;
		};
/* End PBXTargetDependency section */

/* Begin PBXVariantGroup section */
		BCC4053A1DD0A00E00E313F7 /* Main.storyboard */ = {
			isa = PBXVariantGroup;
			children = (
				BCC4053B1DD0A00E00E313F7 /* Base */,
			);
			name = Main.storyboard;
			sourceTree = "<group>";
		};
		BCC405421DD0A00E00E313F7 /* LaunchScreen.storyboard */ = {
			isa = PBXVariantGroup;
			children = (
				BCC405431DD0A00E00E313F7 /* Base */,
			);
			name = LaunchScreen.storyboard;
			sourceTree = "<group>";
		};
/* End PBXVariantGroup section */

/* Begin XCBuildConfiguration section */
		BCC4055C1DD0A00F00E313F7 /* Debug */ = {
			isa = XCBuildConfiguration;
			buildSettings = {
				ALWAYS_SEARCH_USER_PATHS = NO;
				CLANG_ANALYZER_NONNULL = YES;
				CLANG_CXX_LANGUAGE_STANDARD = "gnu++0x";
				CLANG_CXX_LIBRARY = "libc++";
				CLANG_ENABLE_MODULES = YES;
				CLANG_ENABLE_OBJC_ARC = YES;
				CLANG_WARN_BOOL_CONVERSION = YES;
				CLANG_WARN_CONSTANT_CONVERSION = YES;
				CLANG_WARN_DIRECT_OBJC_ISA_USAGE = YES_ERROR;
				CLANG_WARN_EMPTY_BODY = YES;
				CLANG_WARN_ENUM_CONVERSION = YES;
				CLANG_WARN_INT_CONVERSION = YES;
				CLANG_WARN_OBJC_ROOT_CLASS = YES_ERROR;
				CLANG_WARN_UNREACHABLE_CODE = YES;
				CLANG_WARN__DUPLICATE_METHOD_MATCH = YES;
				"CODE_SIGN_IDENTITY[sdk=iphoneos*]" = "iPhone Developer";
				COPY_PHASE_STRIP = NO;
				DEBUG_INFORMATION_FORMAT = dwarf;
				ENABLE_STRICT_OBJC_MSGSEND = YES;
				ENABLE_TESTABILITY = YES;
				GCC_C_LANGUAGE_STANDARD = gnu99;
				GCC_DYNAMIC_NO_PIC = NO;
				GCC_NO_COMMON_BLOCKS = YES;
				GCC_OPTIMIZATION_LEVEL = 0;
				GCC_PREPROCESSOR_DEFINITIONS = (
					"DEBUG=1",
					"$(inherited)",
				);
				GCC_WARN_64_TO_32_BIT_CONVERSION = YES;
				GCC_WARN_ABOUT_RETURN_TYPE = YES_ERROR;
				GCC_WARN_UNDECLARED_SELECTOR = YES;
				GCC_WARN_UNINITIALIZED_AUTOS = YES_AGGRESSIVE;
				GCC_WARN_UNUSED_FUNCTION = YES;
				GCC_WARN_UNUSED_VARIABLE = YES;
				IPHONEOS_DEPLOYMENT_TARGET = 9.3;
				MTL_ENABLE_DEBUG_INFO = YES;
				ONLY_ACTIVE_ARCH = YES;
				SDKROOT = iphoneos;
				TARGETED_DEVICE_FAMILY = "1,2";
			};
			name = Debug;
		};
		BCC4055D1DD0A00F00E313F7 /* Release */ = {
			isa = XCBuildConfiguration;
			buildSettings = {
				ALWAYS_SEARCH_USER_PATHS = NO;
				CLANG_ANALYZER_NONNULL = YES;
				CLANG_CXX_LANGUAGE_STANDARD = "gnu++0x";
				CLANG_CXX_LIBRARY = "libc++";
				CLANG_ENABLE_MODULES = YES;
				CLANG_ENABLE_OBJC_ARC = YES;
				CLANG_WARN_BOOL_CONVERSION = YES;
				CLANG_WARN_CONSTANT_CONVERSION = YES;
				CLANG_WARN_DIRECT_OBJC_ISA_USAGE = YES_ERROR;
				CLANG_WARN_EMPTY_BODY = YES;
				CLANG_WARN_ENUM_CONVERSION = YES;
				CLANG_WARN_INT_CONVERSION = YES;
				CLANG_WARN_OBJC_ROOT_CLASS = YES_ERROR;
				CLANG_WARN_UNREACHABLE_CODE = YES;
				CLANG_WARN__DUPLICATE_METHOD_MATCH = YES;
				"CODE_SIGN_IDENTITY[sdk=iphoneos*]" = "iPhone Developer";
				COPY_PHASE_STRIP = NO;
				DEBUG_INFORMATION_FORMAT = "dwarf-with-dsym";
				ENABLE_NS_ASSERTIONS = NO;
				ENABLE_STRICT_OBJC_MSGSEND = YES;
				GCC_C_LANGUAGE_STANDARD = gnu99;
				GCC_NO_COMMON_BLOCKS = YES;
				GCC_WARN_64_TO_32_BIT_CONVERSION = YES;
				GCC_WARN_ABOUT_RETURN_TYPE = YES_ERROR;
				GCC_WARN_UNDECLARED_SELECTOR = YES;
				GCC_WARN_UNINITIALIZED_AUTOS = YES_AGGRESSIVE;
				GCC_WARN_UNUSED_FUNCTION = YES;
				GCC_WARN_UNUSED_VARIABLE = YES;
				IPHONEOS_DEPLOYMENT_TARGET = 9.3;
				MTL_ENABLE_DEBUG_INFO = NO;
				SDKROOT = iphoneos;
				TARGETED_DEVICE_FAMILY = "1,2";
				VALIDATE_PRODUCT = YES;
			};
			name = Release;
		};
		BCC4055F1DD0A00F00E313F7 /* Debug */ = {
			isa = XCBuildConfiguration;
			buildSettings = {
				ALWAYS_SEARCH_USER_PATHS = YES;
				ASSETCATALOG_COMPILER_APPICON_NAME = AppIcon;
				FRAMEWORK_SEARCH_PATHS = (
					"$(inherited)",
					"$(PROJECT_DIR)/RoadApp/Framework",
				);
				HEADER_SEARCH_PATHS = "$(inherited)";
				INFOPLIST_FILE = RoadApp/Info.plist;
				LD_RUNPATH_SEARCH_PATHS = "$(inherited) @executable_path/Frameworks";
				OTHER_LDFLAGS = "-all_load";
				PRODUCT_BUNDLE_IDENTIFIER = com.dungdv4.RoadApp;
				PRODUCT_NAME = "$(TARGET_NAME)";
			};
			name = Debug;
		};
		BCC405601DD0A00F00E313F7 /* Release */ = {
			isa = XCBuildConfiguration;
			buildSettings = {
				ALWAYS_SEARCH_USER_PATHS = YES;
				ASSETCATALOG_COMPILER_APPICON_NAME = AppIcon;
				FRAMEWORK_SEARCH_PATHS = (
					"$(inherited)",
					"$(PROJECT_DIR)/RoadApp/Framework",
				);
				HEADER_SEARCH_PATHS = "$(inherited)";
				INFOPLIST_FILE = RoadApp/Info.plist;
				LD_RUNPATH_SEARCH_PATHS = "$(inherited) @executable_path/Frameworks";
				OTHER_LDFLAGS = "-all_load";
				PRODUCT_BUNDLE_IDENTIFIER = com.dungdv4.RoadApp;
				PRODUCT_NAME = "$(TARGET_NAME)";
			};
			name = Release;
		};
		BCC405621DD0A00F00E313F7 /* Debug */ = {
			isa = XCBuildConfiguration;
			buildSettings = {
				BUNDLE_LOADER = "$(TEST_HOST)";
				INFOPLIST_FILE = RoadAppTests/Info.plist;
				LD_RUNPATH_SEARCH_PATHS = "$(inherited) @executable_path/Frameworks @loader_path/Frameworks";
				PRODUCT_BUNDLE_IDENTIFIER = com.dungdv4.RoadAppTests;
				PRODUCT_NAME = "$(TARGET_NAME)";
				TEST_HOST = "$(BUILT_PRODUCTS_DIR)/RoadApp.app/RoadApp";
			};
			name = Debug;
		};
		BCC405631DD0A00F00E313F7 /* Release */ = {
			isa = XCBuildConfiguration;
			buildSettings = {
				BUNDLE_LOADER = "$(TEST_HOST)";
				INFOPLIST_FILE = RoadAppTests/Info.plist;
				LD_RUNPATH_SEARCH_PATHS = "$(inherited) @executable_path/Frameworks @loader_path/Frameworks";
				PRODUCT_BUNDLE_IDENTIFIER = com.dungdv4.RoadAppTests;
				PRODUCT_NAME = "$(TARGET_NAME)";
				TEST_HOST = "$(BUILT_PRODUCTS_DIR)/RoadApp.app/RoadApp";
			};
			name = Release;
		};
		BCC405651DD0A00F00E313F7 /* Debug */ = {
			isa = XCBuildConfiguration;
			buildSettings = {
				INFOPLIST_FILE = RoadAppUITests/Info.plist;
				LD_RUNPATH_SEARCH_PATHS = "$(inherited) @executable_path/Frameworks @loader_path/Frameworks";
				PRODUCT_BUNDLE_IDENTIFIER = com.dungdv4.RoadAppUITests;
				PRODUCT_NAME = "$(TARGET_NAME)";
				TEST_TARGET_NAME = RoadApp;
			};
			name = Debug;
		};
		BCC405661DD0A00F00E313F7 /* Release */ = {
			isa = XCBuildConfiguration;
			buildSettings = {
				INFOPLIST_FILE = RoadAppUITests/Info.plist;
				LD_RUNPATH_SEARCH_PATHS = "$(inherited) @executable_path/Frameworks @loader_path/Frameworks";
				PRODUCT_BUNDLE_IDENTIFIER = com.dungdv4.RoadAppUITests;
				PRODUCT_NAME = "$(TARGET_NAME)";
				TEST_TARGET_NAME = RoadApp;
			};
			name = Release;
		};
/* End XCBuildConfiguration section */

/* Begin XCConfigurationList section */
		BCC405291DD0A00E00E313F7 /* Build configuration list for PBXProject "RoadApp" */ = {
			isa = XCConfigurationList;
			buildConfigurations = (
				BCC4055C1DD0A00F00E313F7 /* Debug */,
				BCC4055D1DD0A00F00E313F7 /* Release */,
			);
			defaultConfigurationIsVisible = 0;
			defaultConfigurationName = Release;
		};
		BCC4055E1DD0A00F00E313F7 /* Build configuration list for PBXNativeTarget "RoadApp" */ = {
			isa = XCConfigurationList;
			buildConfigurations = (
				BCC4055F1DD0A00F00E313F7 /* Debug */,
				BCC405601DD0A00F00E313F7 /* Release */,
			);
			defaultConfigurationIsVisible = 0;
			defaultConfigurationName = Release;
		};
		BCC405611DD0A00F00E313F7 /* Build configuration list for PBXNativeTarget "RoadAppTests" */ = {
			isa = XCConfigurationList;
			buildConfigurations = (
				BCC405621DD0A00F00E313F7 /* Debug */,
				BCC405631DD0A00F00E313F7 /* Release */,
			);
			defaultConfigurationIsVisible = 0;
			defaultConfigurationName = Release;
		};
		BCC405641DD0A00F00E313F7 /* Build configuration list for PBXNativeTarget "RoadAppUITests" */ = {
			isa = XCConfigurationList;
			buildConfigurations = (
				BCC405651DD0A00F00E313F7 /* Debug */,
				BCC405661DD0A00F00E313F7 /* Release */,
			);
			defaultConfigurationIsVisible = 0;
			defaultConfigurationName = Release;
		};
/* End XCConfigurationList section */

/* Begin XCVersionGroup section */
		BCC4053D1DD0A00E00E313F7 /* RoadApp.xcdatamodeld */ = {
			isa = XCVersionGroup;
			children = (
				BCC4053E1DD0A00E00E313F7 /* RoadApp.xcdatamodel */,
			);
			currentVersion = BCC4053E1DD0A00E00E313F7 /* RoadApp.xcdatamodel */;
			path = RoadApp.xcdatamodeld;
			sourceTree = "<group>";
			versionGroupType = wrapper.xcdatamodel;
		};
/* End XCVersionGroup section */
	};
	rootObject = BCC405261DD0A00E00E313F7 /* Project object */;
}
