// !$*UTF8*$!
{
	archiveVersion = 1;
	classes = {
	};
	objectVersion = 46;
	objects = {

/* Begin PBXBuildFile section */
		1FAB5CC01E11943700999597 /* Utilities.m in Sources */ = {isa = PBXBuildFile; fileRef = 1FAB5CBF1E11943700999597 /* Utilities.m */; };
		BCC405331DD0A00E00E313F7 /* main.m in Sources */ = {isa = PBXBuildFile; fileRef = BCC405321DD0A00E00E313F7 /* main.m */; };
		BCC405361DD0A00E00E313F7 /* AppDelegate.m in Sources */ = {isa = PBXBuildFile; fileRef = BCC405351DD0A00E00E313F7 /* AppDelegate.m */; };
		BCC405391DD0A00E00E313F7 /* ViewController.m in Sources */ = {isa = PBXBuildFile; fileRef = BCC405381DD0A00E00E313F7 /* ViewController.m */; };
		BCC4053C1DD0A00E00E313F7 /* Main.storyboard in Resources */ = {isa = PBXBuildFile; fileRef = BCC4053A1DD0A00E00E313F7 /* Main.storyboard */; };
		BCC4053F1DD0A00E00E313F7 /* RoadApp.xcdatamodeld in Sources */ = {isa = PBXBuildFile; fileRef = BCC4053D1DD0A00E00E313F7 /* RoadApp.xcdatamodeld */; };
		BCC405411DD0A00E00E313F7 /* Assets.xcassets in Resources */ = {isa = PBXBuildFile; fileRef = BCC405401DD0A00E00E313F7 /* Assets.xcassets */; };
		BCC405441DD0A00E00E313F7 /* LaunchScreen.storyboard in Resources */ = {isa = PBXBuildFile; fileRef = BCC405421DD0A00E00E313F7 /* LaunchScreen.storyboard */; };
		BCC4054F1DD0A00F00E313F7 /* RoadAppTests.m in Sources */ = {isa = PBXBuildFile; fileRef = BCC4054E1DD0A00F00E313F7 /* RoadAppTests.m */; };
		BCC4055A1DD0A00F00E313F7 /* RoadAppUITests.m in Sources */ = {isa = PBXBuildFile; fileRef = BCC405591DD0A00F00E313F7 /* RoadAppUITests.m */; };
		BCC405691DD0A06400E313F7 /* LoginController.m in Sources */ = {isa = PBXBuildFile; fileRef = BCC405681DD0A06400E313F7 /* LoginController.m */; };
		BCF4CBEA1E10D661009DA7DF /* JSONParser.m in Sources */ = {isa = PBXBuildFile; fileRef = BCF4CBE71E10D661009DA7DF /* JSONParser.m */; };
		BCF4CBEB1E10D661009DA7DF /* JsonParserWithAF.m in Sources */ = {isa = PBXBuildFile; fileRef = BCF4CBE91E10D661009DA7DF /* JsonParserWithAF.m */; };
		BCF4CC201E10D6B5009DA7DF /* AFHTTPRequestOperation.m in Sources */ = {isa = PBXBuildFile; fileRef = BCF4CC0C1E10D6B5009DA7DF /* AFHTTPRequestOperation.m */; };
		BCF4CC211E10D6B5009DA7DF /* AFHTTPRequestOperationManager.m in Sources */ = {isa = PBXBuildFile; fileRef = BCF4CC0E1E10D6B5009DA7DF /* AFHTTPRequestOperationManager.m */; };
		BCF4CC221E10D6B5009DA7DF /* AFHTTPSessionManager.m in Sources */ = {isa = PBXBuildFile; fileRef = BCF4CC101E10D6B5009DA7DF /* AFHTTPSessionManager.m */; };
		BCF4CC231E10D6B5009DA7DF /* AFNetworkReachabilityManager.m in Sources */ = {isa = PBXBuildFile; fileRef = BCF4CC131E10D6B5009DA7DF /* AFNetworkReachabilityManager.m */; };
		BCF4CC241E10D6B5009DA7DF /* AFSecurityPolicy.m in Sources */ = {isa = PBXBuildFile; fileRef = BCF4CC151E10D6B5009DA7DF /* AFSecurityPolicy.m */; };
		BCF4CC251E10D6B5009DA7DF /* AFURLConnectionOperation.m in Sources */ = {isa = PBXBuildFile; fileRef = BCF4CC171E10D6B5009DA7DF /* AFURLConnectionOperation.m */; };
		BCF4CC261E10D6B5009DA7DF /* AFURLRequestSerialization.m in Sources */ = {isa = PBXBuildFile; fileRef = BCF4CC191E10D6B5009DA7DF /* AFURLRequestSerialization.m */; };
		BCF4CC271E10D6B5009DA7DF /* AFURLResponseSerialization.m in Sources */ = {isa = PBXBuildFile; fileRef = BCF4CC1B1E10D6B5009DA7DF /* AFURLResponseSerialization.m */; };
		BCF4CC281E10D6B5009DA7DF /* AFURLSessionManager.m in Sources */ = {isa = PBXBuildFile; fileRef = BCF4CC1D1E10D6B5009DA7DF /* AFURLSessionManager.m */; };
		BCF4CC291E10D6B5009DA7DF /* Reachability.m in Sources */ = {isa = PBXBuildFile; fileRef = BCF4CC1F1E10D6B5009DA7DF /* Reachability.m */; };
		BCF4CC301E10D6CB009DA7DF /* SVIndefiniteAnimatedView.m in Sources */ = {isa = PBXBuildFile; fileRef = BCF4CC2B1E10D6CB009DA7DF /* SVIndefiniteAnimatedView.m */; };
		BCF4CC311E10D6CB009DA7DF /* SVProgressHUD.bundle in Resources */ = {isa = PBXBuildFile; fileRef = BCF4CC2D1E10D6CB009DA7DF /* SVProgressHUD.bundle */; };
		BCF4CC321E10D6CB009DA7DF /* SVProgressHUD.m in Sources */ = {isa = PBXBuildFile; fileRef = BCF4CC2F1E10D6CB009DA7DF /* SVProgressHUD.m */; };
		BCF4CC491E10FEB8009DA7DF /* MainScreen.m in Sources */ = {isa = PBXBuildFile; fileRef = BCF4CC471E10FEB8009DA7DF /* MainScreen.m */; };
		BCF4CC581E1106C6009DA7DF /* RoadTestCell.m in Sources */ = {isa = PBXBuildFile; fileRef = BCF4CC561E1106C6009DA7DF /* RoadTestCell.m */; };
		BCF4CC911E113245009DA7DF /* KDViewPager.m in Sources */ = {isa = PBXBuildFile; fileRef = BCF4CC901E113245009DA7DF /* KDViewPager.m */; };
		BCF4CC991E113A79009DA7DF /* ReportPageController.m in Sources */ = {isa = PBXBuildFile; fileRef = BCF4CC971E113A79009DA7DF /* ReportPageController.m */; };
		BCF4CC9E1E113AF6009DA7DF /* RoadTestPageController.m in Sources */ = {isa = PBXBuildFile; fileRef = BCF4CC9C1E113AF6009DA7DF /* RoadTestPageController.m */; };
		BCF4CCA81E114102009DA7DF /* MFSideMenuContainerViewController.m in Sources */ = {isa = PBXBuildFile; fileRef = BCF4CCA31E114102009DA7DF /* MFSideMenuContainerViewController.m */; };
		BCF4CCA91E114102009DA7DF /* MFSideMenuShadow.m in Sources */ = {isa = PBXBuildFile; fileRef = BCF4CCA51E114102009DA7DF /* MFSideMenuShadow.m */; };
		BCF4CCAA1E114102009DA7DF /* UIViewController+MFSideMenuAdditions.m in Sources */ = {isa = PBXBuildFile; fileRef = BCF4CCA71E114102009DA7DF /* UIViewController+MFSideMenuAdditions.m */; };
		BCF4CCAE1E11457E009DA7DF /* SideMenuViewController.m in Sources */ = {isa = PBXBuildFile; fileRef = BCF4CCAD1E11457E009DA7DF /* SideMenuViewController.m */; };
/* End PBXBuildFile section */

/* Begin PBXContainerItemProxy section */
		BCC4054B1DD0A00F00E313F7 /* PBXContainerItemProxy */ = {
			isa = PBXContainerItemProxy;
			containerPortal = BCC405261DD0A00E00E313F7 /* Project object */;
			proxyType = 1;
			remoteGlobalIDString = BCC4052D1DD0A00E00E313F7;
			remoteInfo = RoadApp;
		};
		BCC405561DD0A00F00E313F7 /* PBXContainerItemProxy */ = {
			isa = PBXContainerItemProxy;
			containerPortal = BCC405261DD0A00E00E313F7 /* Project object */;
			proxyType = 1;
			remoteGlobalIDString = BCC4052D1DD0A00E00E313F7;
			remoteInfo = RoadApp;
		};
/* End PBXContainerItemProxy section */

/* Begin PBXFileReference section */
		1FAB5CBE1E11943700999597 /* Utilities.h */ = {isa = PBXFileReference; fileEncoding = 4; lastKnownFileType = sourcecode.c.h; path = Utilities.h; sourceTree = "<group>"; };
		1FAB5CBF1E11943700999597 /* Utilities.m */ = {isa = PBXFileReference; fileEncoding = 4; lastKnownFileType = sourcecode.c.objc; path = Utilities.m; sourceTree = "<group>"; };
		BCC4052E1DD0A00E00E313F7 /* RoadApp.app */ = {isa = PBXFileReference; explicitFileType = wrapper.application; includeInIndex = 0; path = RoadApp.app; sourceTree = BUILT_PRODUCTS_DIR; };
		BCC405321DD0A00E00E313F7 /* main.m */ = {isa = PBXFileReference; lastKnownFileType = sourcecode.c.objc; path = main.m; sourceTree = "<group>"; };
		BCC405341DD0A00E00E313F7 /* AppDelegate.h */ = {isa = PBXFileReference; lastKnownFileType = sourcecode.c.h; path = AppDelegate.h; sourceTree = "<group>"; };
		BCC405351DD0A00E00E313F7 /* AppDelegate.m */ = {isa = PBXFileReference; lastKnownFileType = sourcecode.c.objc; path = AppDelegate.m; sourceTree = "<group>"; };
		BCC405371DD0A00E00E313F7 /* ViewController.h */ = {isa = PBXFileReference; lastKnownFileType = sourcecode.c.h; path = ViewController.h; sourceTree = "<group>"; };
		BCC405381DD0A00E00E313F7 /* ViewController.m */ = {isa = PBXFileReference; lastKnownFileType = sourcecode.c.objc; path = ViewController.m; sourceTree = "<group>"; };
		BCC4053B1DD0A00E00E313F7 /* Base */ = {isa = PBXFileReference; lastKnownFileType = file.storyboard; name = Base; path = Base.lproj/Main.storyboard; sourceTree = "<group>"; };
		BCC4053E1DD0A00E00E313F7 /* RoadApp.xcdatamodel */ = {isa = PBXFileReference; lastKnownFileType = wrapper.xcdatamodel; path = RoadApp.xcdatamodel; sourceTree = "<group>"; };
		BCC405401DD0A00E00E313F7 /* Assets.xcassets */ = {isa = PBXFileReference; lastKnownFileType = folder.assetcatalog; path = Assets.xcassets; sourceTree = "<group>"; };
		BCC405431DD0A00E00E313F7 /* Base */ = {isa = PBXFileReference; lastKnownFileType = file.storyboard; name = Base; path = Base.lproj/LaunchScreen.storyboard; sourceTree = "<group>"; };
		BCC405451DD0A00E00E313F7 /* Info.plist */ = {isa = PBXFileReference; lastKnownFileType = text.plist.xml; path = Info.plist; sourceTree = "<group>"; };
		BCC4054A1DD0A00F00E313F7 /* RoadAppTests.xctest */ = {isa = PBXFileReference; explicitFileType = wrapper.cfbundle; includeInIndex = 0; path = RoadAppTests.xctest; sourceTree = BUILT_PRODUCTS_DIR; };
		BCC4054E1DD0A00F00E313F7 /* RoadAppTests.m */ = {isa = PBXFileReference; lastKnownFileType = sourcecode.c.objc; path = RoadAppTests.m; sourceTree = "<group>"; };
		BCC405501DD0A00F00E313F7 /* Info.plist */ = {isa = PBXFileReference; lastKnownFileType = text.plist.xml; path = Info.plist; sourceTree = "<group>"; };
		BCC405551DD0A00F00E313F7 /* RoadAppUITests.xctest */ = {isa = PBXFileReference; explicitFileType = wrapper.cfbundle; includeInIndex = 0; path = RoadAppUITests.xctest; sourceTree = BUILT_PRODUCTS_DIR; };
		BCC405591DD0A00F00E313F7 /* RoadAppUITests.m */ = {isa = PBXFileReference; lastKnownFileType = sourcecode.c.objc; path = RoadAppUITests.m; sourceTree = "<group>"; };
		BCC4055B1DD0A00F00E313F7 /* Info.plist */ = {isa = PBXFileReference; lastKnownFileType = text.plist.xml; path = Info.plist; sourceTree = "<group>"; };
		BCC405671DD0A06400E313F7 /* LoginController.h */ = {isa = PBXFileReference; fileEncoding = 4; lastKnownFileType = sourcecode.c.h; path = LoginController.h; sourceTree = "<group>"; };
		BCC405681DD0A06400E313F7 /* LoginController.m */ = {isa = PBXFileReference; fileEncoding = 4; lastKnownFileType = sourcecode.c.objc; path = LoginController.m; sourceTree = "<group>"; };
		BCF4CBE61E10D661009DA7DF /* JSONParser.h */ = {isa = PBXFileReference; fileEncoding = 4; lastKnownFileType = sourcecode.c.h; path = JSONParser.h; sourceTree = "<group>"; };
		BCF4CBE71E10D661009DA7DF /* JSONParser.m */ = {isa = PBXFileReference; fileEncoding = 4; lastKnownFileType = sourcecode.c.objc; path = JSONParser.m; sourceTree = "<group>"; };
		BCF4CBE81E10D661009DA7DF /* JsonParserWithAF.h */ = {isa = PBXFileReference; fileEncoding = 4; lastKnownFileType = sourcecode.c.h; path = JsonParserWithAF.h; sourceTree = "<group>"; };
		BCF4CBE91E10D661009DA7DF /* JsonParserWithAF.m */ = {isa = PBXFileReference; fileEncoding = 4; lastKnownFileType = sourcecode.c.objc; path = JsonParserWithAF.m; sourceTree = "<group>"; };
		BCF4CC0B1E10D6B5009DA7DF /* AFHTTPRequestOperation.h */ = {isa = PBXFileReference; fileEncoding = 4; lastKnownFileType = sourcecode.c.h; path = AFHTTPRequestOperation.h; sourceTree = "<group>"; };
		BCF4CC0C1E10D6B5009DA7DF /* AFHTTPRequestOperation.m */ = {isa = PBXFileReference; fileEncoding = 4; lastKnownFileType = sourcecode.c.objc; path = AFHTTPRequestOperation.m; sourceTree = "<group>"; };
		BCF4CC0D1E10D6B5009DA7DF /* AFHTTPRequestOperationManager.h */ = {isa = PBXFileReference; fileEncoding = 4; lastKnownFileType = sourcecode.c.h; path = AFHTTPRequestOperationManager.h; sourceTree = "<group>"; };
		BCF4CC0E1E10D6B5009DA7DF /* AFHTTPRequestOperationManager.m */ = {isa = PBXFileReference; fileEncoding = 4; lastKnownFileType = sourcecode.c.objc; path = AFHTTPRequestOperationManager.m; sourceTree = "<group>"; };
		BCF4CC0F1E10D6B5009DA7DF /* AFHTTPSessionManager.h */ = {isa = PBXFileReference; fileEncoding = 4; lastKnownFileType = sourcecode.c.h; path = AFHTTPSessionManager.h; sourceTree = "<group>"; };
		BCF4CC101E10D6B5009DA7DF /* AFHTTPSessionManager.m */ = {isa = PBXFileReference; fileEncoding = 4; lastKnownFileType = sourcecode.c.objc; path = AFHTTPSessionManager.m; sourceTree = "<group>"; };
		BCF4CC111E10D6B5009DA7DF /* AFNetworking.h */ = {isa = PBXFileReference; fileEncoding = 4; lastKnownFileType = sourcecode.c.h; path = AFNetworking.h; sourceTree = "<group>"; };
		BCF4CC121E10D6B5009DA7DF /* AFNetworkReachabilityManager.h */ = {isa = PBXFileReference; fileEncoding = 4; lastKnownFileType = sourcecode.c.h; path = AFNetworkReachabilityManager.h; sourceTree = "<group>"; };
		BCF4CC131E10D6B5009DA7DF /* AFNetworkReachabilityManager.m */ = {isa = PBXFileReference; fileEncoding = 4; lastKnownFileType = sourcecode.c.objc; path = AFNetworkReachabilityManager.m; sourceTree = "<group>"; };
		BCF4CC141E10D6B5009DA7DF /* AFSecurityPolicy.h */ = {isa = PBXFileReference; fileEncoding = 4; lastKnownFileType = sourcecode.c.h; path = AFSecurityPolicy.h; sourceTree = "<group>"; };
		BCF4CC151E10D6B5009DA7DF /* AFSecurityPolicy.m */ = {isa = PBXFileReference; fileEncoding = 4; lastKnownFileType = sourcecode.c.objc; path = AFSecurityPolicy.m; sourceTree = "<group>"; };
		BCF4CC161E10D6B5009DA7DF /* AFURLConnectionOperation.h */ = {isa = PBXFileReference; fileEncoding = 4; lastKnownFileType = sourcecode.c.h; path = AFURLConnectionOperation.h; sourceTree = "<group>"; };
		BCF4CC171E10D6B5009DA7DF /* AFURLConnectionOperation.m */ = {isa = PBXFileReference; fileEncoding = 4; lastKnownFileType = sourcecode.c.objc; path = AFURLConnectionOperation.m; sourceTree = "<group>"; };
		BCF4CC181E10D6B5009DA7DF /* AFURLRequestSerialization.h */ = {isa = PBXFileReference; fileEncoding = 4; lastKnownFileType = sourcecode.c.h; path = AFURLRequestSerialization.h; sourceTree = "<group>"; };
		BCF4CC191E10D6B5009DA7DF /* AFURLRequestSerialization.m */ = {isa = PBXFileReference; fileEncoding = 4; lastKnownFileType = sourcecode.c.objc; path = AFURLRequestSerialization.m; sourceTree = "<group>"; };
		BCF4CC1A1E10D6B5009DA7DF /* AFURLResponseSerialization.h */ = {isa = PBXFileReference; fileEncoding = 4; lastKnownFileType = sourcecode.c.h; path = AFURLResponseSerialization.h; sourceTree = "<group>"; };
		BCF4CC1B1E10D6B5009DA7DF /* AFURLResponseSerialization.m */ = {isa = PBXFileReference; fileEncoding = 4; lastKnownFileType = sourcecode.c.objc; path = AFURLResponseSerialization.m; sourceTree = "<group>"; };
		BCF4CC1C1E10D6B5009DA7DF /* AFURLSessionManager.h */ = {isa = PBXFileReference; fileEncoding = 4; lastKnownFileType = sourcecode.c.h; path = AFURLSessionManager.h; sourceTree = "<group>"; };
		BCF4CC1D1E10D6B5009DA7DF /* AFURLSessionManager.m */ = {isa = PBXFileReference; fileEncoding = 4; lastKnownFileType = sourcecode.c.objc; path = AFURLSessionManager.m; sourceTree = "<group>"; };
		BCF4CC1E1E10D6B5009DA7DF /* Reachability.h */ = {isa = PBXFileReference; fileEncoding = 4; lastKnownFileType = sourcecode.c.h; path = Reachability.h; sourceTree = "<group>"; };
		BCF4CC1F1E10D6B5009DA7DF /* Reachability.m */ = {isa = PBXFileReference; fileEncoding = 4; lastKnownFileType = sourcecode.c.objc; path = Reachability.m; sourceTree = "<group>"; };
		BCF4CC2A1E10D6CB009DA7DF /* SVIndefiniteAnimatedView.h */ = {isa = PBXFileReference; fileEncoding = 4; lastKnownFileType = sourcecode.c.h; path = SVIndefiniteAnimatedView.h; sourceTree = "<group>"; };
		BCF4CC2B1E10D6CB009DA7DF /* SVIndefiniteAnimatedView.m */ = {isa = PBXFileReference; fileEncoding = 4; lastKnownFileType = sourcecode.c.objc; path = SVIndefiniteAnimatedView.m; sourceTree = "<group>"; };
		BCF4CC2C1E10D6CB009DA7DF /* SVProgressHUD-Prefix.pch */ = {isa = PBXFileReference; fileEncoding = 4; lastKnownFileType = sourcecode.c.h; path = "SVProgressHUD-Prefix.pch"; sourceTree = "<group>"; };
		BCF4CC2D1E10D6CB009DA7DF /* SVProgressHUD.bundle */ = {isa = PBXFileReference; lastKnownFileType = "wrapper.plug-in"; path = SVProgressHUD.bundle; sourceTree = "<group>"; };
		BCF4CC2E1E10D6CB009DA7DF /* SVProgressHUD.h */ = {isa = PBXFileReference; fileEncoding = 4; lastKnownFileType = sourcecode.c.h; path = SVProgressHUD.h; sourceTree = "<group>"; };
		BCF4CC2F1E10D6CB009DA7DF /* SVProgressHUD.m */ = {isa = PBXFileReference; fileEncoding = 4; lastKnownFileType = sourcecode.c.objc; path = SVProgressHUD.m; sourceTree = "<group>"; };
		BCF4CC381E10D7ED009DA7DF /* Constant.h */ = {isa = PBXFileReference; lastKnownFileType = sourcecode.c.h; path = Constant.h; sourceTree = "<group>"; };
		BCF4CC461E10FEB8009DA7DF /* MainScreen.h */ = {isa = PBXFileReference; fileEncoding = 4; lastKnownFileType = sourcecode.c.h; path = MainScreen.h; sourceTree = "<group>"; };
		BCF4CC471E10FEB8009DA7DF /* MainScreen.m */ = {isa = PBXFileReference; fileEncoding = 4; lastKnownFileType = sourcecode.c.objc; path = MainScreen.m; sourceTree = "<group>"; };
		BCF4CC551E1106C6009DA7DF /* RoadTestCell.h */ = {isa = PBXFileReference; fileEncoding = 4; lastKnownFileType = sourcecode.c.h; path = RoadTestCell.h; sourceTree = "<group>"; };
		BCF4CC561E1106C6009DA7DF /* RoadTestCell.m */ = {isa = PBXFileReference; fileEncoding = 4; lastKnownFileType = sourcecode.c.objc; path = RoadTestCell.m; sourceTree = "<group>"; };
		BCF4CC8F1E113245009DA7DF /* KDViewPager.h */ = {isa = PBXFileReference; fileEncoding = 4; lastKnownFileType = sourcecode.c.h; path = KDViewPager.h; sourceTree = "<group>"; };
		BCF4CC901E113245009DA7DF /* KDViewPager.m */ = {isa = PBXFileReference; fileEncoding = 4; lastKnownFileType = sourcecode.c.objc; path = KDViewPager.m; sourceTree = "<group>"; };
		BCF4CC961E113A79009DA7DF /* ReportPageController.h */ = {isa = PBXFileReference; fileEncoding = 4; lastKnownFileType = sourcecode.c.h; path = ReportPageController.h; sourceTree = "<group>"; };
		BCF4CC971E113A79009DA7DF /* ReportPageController.m */ = {isa = PBXFileReference; fileEncoding = 4; lastKnownFileType = sourcecode.c.objc; path = ReportPageController.m; sourceTree = "<group>"; };
		BCF4CC9B1E113AF6009DA7DF /* RoadTestPageController.h */ = {isa = PBXFileReference; fileEncoding = 4; lastKnownFileType = sourcecode.c.h; path = RoadTestPageController.h; sourceTree = "<group>"; };
		BCF4CC9C1E113AF6009DA7DF /* RoadTestPageController.m */ = {isa = PBXFileReference; fileEncoding = 4; lastKnownFileType = sourcecode.c.objc; path = RoadTestPageController.m; sourceTree = "<group>"; };
		BCF4CCA11E114102009DA7DF /* MFSideMenu.h */ = {isa = PBXFileReference; fileEncoding = 4; lastKnownFileType = sourcecode.c.h; path = MFSideMenu.h; sourceTree = "<group>"; };
		BCF4CCA21E114102009DA7DF /* MFSideMenuContainerViewController.h */ = {isa = PBXFileReference; fileEncoding = 4; lastKnownFileType = sourcecode.c.h; path = MFSideMenuContainerViewController.h; sourceTree = "<group>"; };
		BCF4CCA31E114102009DA7DF /* MFSideMenuContainerViewController.m */ = {isa = PBXFileReference; fileEncoding = 4; lastKnownFileType = sourcecode.c.objc; path = MFSideMenuContainerViewController.m; sourceTree = "<group>"; };
		BCF4CCA41E114102009DA7DF /* MFSideMenuShadow.h */ = {isa = PBXFileReference; fileEncoding = 4; lastKnownFileType = sourcecode.c.h; path = MFSideMenuShadow.h; sourceTree = "<group>"; };
		BCF4CCA51E114102009DA7DF /* MFSideMenuShadow.m */ = {isa = PBXFileReference; fileEncoding = 4; lastKnownFileType = sourcecode.c.objc; path = MFSideMenuShadow.m; sourceTree = "<group>"; };
		BCF4CCA61E114102009DA7DF /* UIViewController+MFSideMenuAdditions.h */ = {isa = PBXFileReference; fileEncoding = 4; lastKnownFileType = sourcecode.c.h; path = "UIViewController+MFSideMenuAdditions.h"; sourceTree = "<group>"; };
		BCF4CCA71E114102009DA7DF /* UIViewController+MFSideMenuAdditions.m */ = {isa = PBXFileReference; fileEncoding = 4; lastKnownFileType = sourcecode.c.objc; path = "UIViewController+MFSideMenuAdditions.m"; sourceTree = "<group>"; };
		BCF4CCAC1E11457E009DA7DF /* SideMenuViewController.h */ = {isa = PBXFileReference; fileEncoding = 4; lastKnownFileType = sourcecode.c.h; path = SideMenuViewController.h; sourceTree = "<group>"; };
		BCF4CCAD1E11457E009DA7DF /* SideMenuViewController.m */ = {isa = PBXFileReference; fileEncoding = 4; lastKnownFileType = sourcecode.c.objc; path = SideMenuViewController.m; sourceTree = "<group>"; };
/* End PBXFileReference section */

/* Begin PBXFrameworksBuildPhase section */
		BCC4052B1DD0A00E00E313F7 /* Frameworks */ = {
			isa = PBXFrameworksBuildPhase;
			buildActionMask = 2147483647;
			files = (
			);
			runOnlyForDeploymentPostprocessing = 0;
		};
		BCC405471DD0A00F00E313F7 /* Frameworks */ = {
			isa = PBXFrameworksBuildPhase;
			buildActionMask = 2147483647;
			files = (
			);
			runOnlyForDeploymentPostprocessing = 0;
		};
		BCC405521DD0A00F00E313F7 /* Frameworks */ = {
			isa = PBXFrameworksBuildPhase;
			buildActionMask = 2147483647;
			files = (
			);
			runOnlyForDeploymentPostprocessing = 0;
		};
/* End PBXFrameworksBuildPhase section */

/* Begin PBXGroup section */
		BCC405251DD0A00E00E313F7 = {
			isa = PBXGroup;
			children = (
				BCC405301DD0A00E00E313F7 /* RoadApp */,
				BCC4054D1DD0A00F00E313F7 /* RoadAppTests */,
				BCC405581DD0A00F00E313F7 /* RoadAppUITests */,
				BCC4052F1DD0A00E00E313F7 /* Products */,
			);
			sourceTree = "<group>";
		};
		BCC4052F1DD0A00E00E313F7 /* Products */ = {
			isa = PBXGroup;
			children = (
				BCC4052E1DD0A00E00E313F7 /* RoadApp.app */,
				BCC4054A1DD0A00F00E313F7 /* RoadAppTests.xctest */,
				BCC405551DD0A00F00E313F7 /* RoadAppUITests.xctest */,
			);
			name = Products;
			sourceTree = "<group>";
		};
		BCC405301DD0A00E00E313F7 /* RoadApp */ = {
			isa = PBXGroup;
			children = (
				BCF4CC4C1E1105E9009DA7DF /* CustomCell */,
				BCF4CC4B1E1105DF009DA7DF /* CustomView */,
				BCF4CC3F1E10F3C0009DA7DF /* View */,
				BCF4CC3E1E10F3B3009DA7DF /* Assets */,
				BCF4CC3D1E10F3AC009DA7DF /* MainScreen */,
				BCF4CC3C1E10D918009DA7DF /* Login */,
				BCF4CC361E10D796009DA7DF /* Utilities */,
				BCF4CBCD1E10D5AB009DA7DF /* Frameworks */,
				BCC405341DD0A00E00E313F7 /* AppDelegate.h */,
				BCC405351DD0A00E00E313F7 /* AppDelegate.m */,
				BCC405311DD0A00E00E313F7 /* Supporting Files */,
			);
			path = RoadApp;
			sourceTree = "<group>";
		};
		BCC405311DD0A00E00E313F7 /* Supporting Files */ = {
			isa = PBXGroup;
			children = (
				BCC405321DD0A00E00E313F7 /* main.m */,
			);
			name = "Supporting Files";
			sourceTree = "<group>";
		};
		BCC4054D1DD0A00F00E313F7 /* RoadAppTests */ = {
			isa = PBXGroup;
			children = (
				BCC4054E1DD0A00F00E313F7 /* RoadAppTests.m */,
				BCC405501DD0A00F00E313F7 /* Info.plist */,
			);
			path = RoadAppTests;
			sourceTree = "<group>";
		};
		BCC405581DD0A00F00E313F7 /* RoadAppUITests */ = {
			isa = PBXGroup;
			children = (
				BCC405591DD0A00F00E313F7 /* RoadAppUITests.m */,
				BCC4055B1DD0A00F00E313F7 /* Info.plist */,
			);
			path = RoadAppUITests;
			sourceTree = "<group>";
		};
		BCF4CBCD1E10D5AB009DA7DF /* Frameworks */ = {
			isa = PBXGroup;
			children = (
				BCF4CCA01E1140F9009DA7DF /* MFSlideMenu */,
				BCF4CC8D1E113228009DA7DF /* KDViewpager */,
				BCF4CBCE1E10D5C8009DA7DF /* AFNetworking */,
				BCF4CBCF1E10D5E5009DA7DF /* JSON */,
				BCF4CBD01E10D5FD009DA7DF /* SVProgressHUD */,
			);
			name = Frameworks;
			sourceTree = "<group>";
		};
		BCF4CBCE1E10D5C8009DA7DF /* AFNetworking */ = {
			isa = PBXGroup;
			children = (
				BCF4CC0B1E10D6B5009DA7DF /* AFHTTPRequestOperation.h */,
				BCF4CC0C1E10D6B5009DA7DF /* AFHTTPRequestOperation.m */,
				BCF4CC0D1E10D6B5009DA7DF /* AFHTTPRequestOperationManager.h */,
				BCF4CC0E1E10D6B5009DA7DF /* AFHTTPRequestOperationManager.m */,
				BCF4CC0F1E10D6B5009DA7DF /* AFHTTPSessionManager.h */,
				BCF4CC101E10D6B5009DA7DF /* AFHTTPSessionManager.m */,
				BCF4CC111E10D6B5009DA7DF /* AFNetworking.h */,
				BCF4CC121E10D6B5009DA7DF /* AFNetworkReachabilityManager.h */,
				BCF4CC131E10D6B5009DA7DF /* AFNetworkReachabilityManager.m */,
				BCF4CC141E10D6B5009DA7DF /* AFSecurityPolicy.h */,
				BCF4CC151E10D6B5009DA7DF /* AFSecurityPolicy.m */,
				BCF4CC161E10D6B5009DA7DF /* AFURLConnectionOperation.h */,
				BCF4CC171E10D6B5009DA7DF /* AFURLConnectionOperation.m */,
				BCF4CC181E10D6B5009DA7DF /* AFURLRequestSerialization.h */,
				BCF4CC191E10D6B5009DA7DF /* AFURLRequestSerialization.m */,
				BCF4CC1A1E10D6B5009DA7DF /* AFURLResponseSerialization.h */,
				BCF4CC1B1E10D6B5009DA7DF /* AFURLResponseSerialization.m */,
				BCF4CC1C1E10D6B5009DA7DF /* AFURLSessionManager.h */,
				BCF4CC1D1E10D6B5009DA7DF /* AFURLSessionManager.m */,
				BCF4CC1E1E10D6B5009DA7DF /* Reachability.h */,
				BCF4CC1F1E10D6B5009DA7DF /* Reachability.m */,
			);
			name = AFNetworking;
			sourceTree = "<group>";
		};
		BCF4CBCF1E10D5E5009DA7DF /* JSON */ = {
			isa = PBXGroup;
			children = (
				BCF4CBE61E10D661009DA7DF /* JSONParser.h */,
				BCF4CBE71E10D661009DA7DF /* JSONParser.m */,
				BCF4CBE81E10D661009DA7DF /* JsonParserWithAF.h */,
				BCF4CBE91E10D661009DA7DF /* JsonParserWithAF.m */,
			);
			name = JSON;
			sourceTree = "<group>";
		};
		BCF4CBD01E10D5FD009DA7DF /* SVProgressHUD */ = {
			isa = PBXGroup;
			children = (
				BCF4CC2A1E10D6CB009DA7DF /* SVIndefiniteAnimatedView.h */,
				BCF4CC2B1E10D6CB009DA7DF /* SVIndefiniteAnimatedView.m */,
				BCF4CC2C1E10D6CB009DA7DF /* SVProgressHUD-Prefix.pch */,
				BCF4CC2D1E10D6CB009DA7DF /* SVProgressHUD.bundle */,
				BCF4CC2E1E10D6CB009DA7DF /* SVProgressHUD.h */,
				BCF4CC2F1E10D6CB009DA7DF /* SVProgressHUD.m */,
			);
			name = SVProgressHUD;
			sourceTree = "<group>";
		};
		BCF4CC361E10D796009DA7DF /* Utilities */ = {
			isa = PBXGroup;
			children = (
				BCF4CC381E10D7ED009DA7DF /* Constant.h */,
				1FAB5CBE1E11943700999597 /* Utilities.h */,
				1FAB5CBF1E11943700999597 /* Utilities.m */,
			);
			name = Utilities;
			sourceTree = "<group>";
		};
		BCF4CC3C1E10D918009DA7DF /* Login */ = {
			isa = PBXGroup;
			children = (
				BCC405371DD0A00E00E313F7 /* ViewController.h */,
				BCC405381DD0A00E00E313F7 /* ViewController.m */,
				BCC405671DD0A06400E313F7 /* LoginController.h */,
				BCC405681DD0A06400E313F7 /* LoginController.m */,
			);
			name = Login;
			sourceTree = "<group>";
		};
		BCF4CC3D1E10F3AC009DA7DF /* MainScreen */ = {
			isa = PBXGroup;
			children = (
				BCF4CCAB1E114562009DA7DF /* SlideMenu */,
				BCF4CC4E1E11060B009DA7DF /* ReportPage */,
				BCF4CC4D1E1105F6009DA7DF /* RoadTestPage */,
				BCF4CC461E10FEB8009DA7DF /* MainScreen.h */,
				BCF4CC471E10FEB8009DA7DF /* MainScreen.m */,
			);
			name = MainScreen;
			sourceTree = "<group>";
		};
		BCF4CC3E1E10F3B3009DA7DF /* Assets */ = {
			isa = PBXGroup;
			children = (
				BCC405451DD0A00E00E313F7 /* Info.plist */,
				BCC4053D1DD0A00E00E313F7 /* RoadApp.xcdatamodeld */,
				BCC405401DD0A00E00E313F7 /* Assets.xcassets */,
			);
			name = Assets;
			sourceTree = "<group>";
		};
		BCF4CC3F1E10F3C0009DA7DF /* View */ = {
			isa = PBXGroup;
			children = (
				BCC4053A1DD0A00E00E313F7 /* Main.storyboard */,
				BCC405421DD0A00E00E313F7 /* LaunchScreen.storyboard */,
			);
			name = View;
			sourceTree = "<group>";
		};
		BCF4CC4B1E1105DF009DA7DF /* CustomView */ = {
			isa = PBXGroup;
			children = (
			);
			name = CustomView;
			sourceTree = "<group>";
		};
		BCF4CC4C1E1105E9009DA7DF /* CustomCell */ = {
			isa = PBXGroup;
			children = (
			);
			name = CustomCell;
			sourceTree = "<group>";
		};
		BCF4CC4D1E1105F6009DA7DF /* RoadTestPage */ = {
			isa = PBXGroup;
			children = (
				BCF4CC551E1106C6009DA7DF /* RoadTestCell.h */,
				BCF4CC561E1106C6009DA7DF /* RoadTestCell.m */,
				BCF4CC9B1E113AF6009DA7DF /* RoadTestPageController.h */,
				BCF4CC9C1E113AF6009DA7DF /* RoadTestPageController.m */,
			);
			name = RoadTestPage;
			sourceTree = "<group>";
		};
		BCF4CC4E1E11060B009DA7DF /* ReportPage */ = {
			isa = PBXGroup;
			children = (
				BCF4CC961E113A79009DA7DF /* ReportPageController.h */,
				BCF4CC971E113A79009DA7DF /* ReportPageController.m */,
			);
			name = ReportPage;
			sourceTree = "<group>";
		};
		BCF4CC8D1E113228009DA7DF /* KDViewpager */ = {
			isa = PBXGroup;
			children = (
				BCF4CC8F1E113245009DA7DF /* KDViewPager.h */,
				BCF4CC901E113245009DA7DF /* KDViewPager.m */,
			);
			name = KDViewpager;
			sourceTree = "<group>";
		};
		BCF4CCA01E1140F9009DA7DF /* MFSlideMenu */ = {
			isa = PBXGroup;
			children = (
				BCF4CCA11E114102009DA7DF /* MFSideMenu.h */,
				BCF4CCA21E114102009DA7DF /* MFSideMenuContainerViewController.h */,
				BCF4CCA31E114102009DA7DF /* MFSideMenuContainerViewController.m */,
				BCF4CCA41E114102009DA7DF /* MFSideMenuShadow.h */,
				BCF4CCA51E114102009DA7DF /* MFSideMenuShadow.m */,
				BCF4CCA61E114102009DA7DF /* UIViewController+MFSideMenuAdditions.h */,
				BCF4CCA71E114102009DA7DF /* UIViewController+MFSideMenuAdditions.m */,
			);
			name = MFSlideMenu;
			sourceTree = "<group>";
		};
		BCF4CCAB1E114562009DA7DF /* SlideMenu */ = {
			isa = PBXGroup;
			children = (
				BCF4CCAC1E11457E009DA7DF /* SideMenuViewController.h */,
				BCF4CCAD1E11457E009DA7DF /* SideMenuViewController.m */,
			);
			name = SlideMenu;
			sourceTree = "<group>";
		};
/* End PBXGroup section */

/* Begin PBXNativeTarget section */
		BCC4052D1DD0A00E00E313F7 /* RoadApp */ = {
			isa = PBXNativeTarget;
			buildConfigurationList = BCC4055E1DD0A00F00E313F7 /* Build configuration list for PBXNativeTarget "RoadApp" */;
			buildPhases = (
				BCC4052A1DD0A00E00E313F7 /* Sources */,
				BCC4052B1DD0A00E00E313F7 /* Frameworks */,
				BCC4052C1DD0A00E00E313F7 /* Resources */,
			);
			buildRules = (
			);
			dependencies = (
			);
			name = RoadApp;
			productName = RoadApp;
			productReference = BCC4052E1DD0A00E00E313F7 /* RoadApp.app */;
			productType = "com.apple.product-type.application";
		};
		BCC405491DD0A00F00E313F7 /* RoadAppTests */ = {
			isa = PBXNativeTarget;
			buildConfigurationList = BCC405611DD0A00F00E313F7 /* Build configuration list for PBXNativeTarget "RoadAppTests" */;
			buildPhases = (
				BCC405461DD0A00F00E313F7 /* Sources */,
				BCC405471DD0A00F00E313F7 /* Frameworks */,
				BCC405481DD0A00F00E313F7 /* Resources */,
			);
			buildRules = (
			);
			dependencies = (
				BCC4054C1DD0A00F00E313F7 /* PBXTargetDependency */,
			);
			name = RoadAppTests;
			productName = RoadAppTests;
			productReference = BCC4054A1DD0A00F00E313F7 /* RoadAppTests.xctest */;
			productType = "com.apple.product-type.bundle.unit-test";
		};
		BCC405541DD0A00F00E313F7 /* RoadAppUITests */ = {
			isa = PBXNativeTarget;
			buildConfigurationList = BCC405641DD0A00F00E313F7 /* Build configuration list for PBXNativeTarget "RoadAppUITests" */;
			buildPhases = (
				BCC405511DD0A00F00E313F7 /* Sources */,
				BCC405521DD0A00F00E313F7 /* Frameworks */,
				BCC405531DD0A00F00E313F7 /* Resources */,
			);
			buildRules = (
			);
			dependencies = (
				BCC405571DD0A00F00E313F7 /* PBXTargetDependency */,
			);
			name = RoadAppUITests;
			productName = RoadAppUITests;
			productReference = BCC405551DD0A00F00E313F7 /* RoadAppUITests.xctest */;
			productType = "com.apple.product-type.bundle.ui-testing";
		};
/* End PBXNativeTarget section */

/* Begin PBXProject section */
		BCC405261DD0A00E00E313F7 /* Project object */ = {
			isa = PBXProject;
			attributes = {
				LastUpgradeCheck = 0730;
				ORGANIZATIONNAME = admin2;
				TargetAttributes = {
					BCC4052D1DD0A00E00E313F7 = {
						CreatedOnToolsVersion = 7.3.1;
						DevelopmentTeam = F25MJ69527;
					};
					BCC405491DD0A00F00E313F7 = {
						CreatedOnToolsVersion = 7.3.1;
						DevelopmentTeam = F25MJ69527;
						TestTargetID = BCC4052D1DD0A00E00E313F7;
					};
					BCC405541DD0A00F00E313F7 = {
						CreatedOnToolsVersion = 7.3.1;
						DevelopmentTeam = F25MJ69527;
						TestTargetID = BCC4052D1DD0A00E00E313F7;
					};
				};
			};
			buildConfigurationList = BCC405291DD0A00E00E313F7 /* Build configuration list for PBXProject "RoadApp" */;
			compatibilityVersion = "Xcode 3.2";
			developmentRegion = English;
			hasScannedForEncodings = 0;
			knownRegions = (
				en,
				Base,
			);
			mainGroup = BCC405251DD0A00E00E313F7;
			productRefGroup = BCC4052F1DD0A00E00E313F7 /* Products */;
			projectDirPath = "";
			projectRoot = "";
			targets = (
				BCC4052D1DD0A00E00E313F7 /* RoadApp */,
				BCC405491DD0A00F00E313F7 /* RoadAppTests */,
				BCC405541DD0A00F00E313F7 /* RoadAppUITests */,
			);
		};
/* End PBXProject section */

/* Begin PBXResourcesBuildPhase section */
		BCC4052C1DD0A00E00E313F7 /* Resources */ = {
			isa = PBXResourcesBuildPhase;
			buildActionMask = 2147483647;
			files = (
				BCC405441DD0A00E00E313F7 /* LaunchScreen.storyboard in Resources */,
				BCC405411DD0A00E00E313F7 /* Assets.xcassets in Resources */,
				BCC4053C1DD0A00E00E313F7 /* Main.storyboard in Resources */,
				BCF4CC311E10D6CB009DA7DF /* SVProgressHUD.bundle in Resources */,
			);
			runOnlyForDeploymentPostprocessing = 0;
		};
		BCC405481DD0A00F00E313F7 /* Resources */ = {
			isa = PBXResourcesBuildPhase;
			buildActionMask = 2147483647;
			files = (
			);
			runOnlyForDeploymentPostprocessing = 0;
		};
		BCC405531DD0A00F00E313F7 /* Resources */ = {
			isa = PBXResourcesBuildPhase;
			buildActionMask = 2147483647;
			files = (
			);
			runOnlyForDeploymentPostprocessing = 0;
		};
/* End PBXResourcesBuildPhase section */

/* Begin PBXSourcesBuildPhase section */
		BCC4052A1DD0A00E00E313F7 /* Sources */ = {
			isa = PBXSourcesBuildPhase;
			buildActionMask = 2147483647;
			files = (
				1FAB5CC01E11943700999597 /* Utilities.m in Sources */,
				BCF4CC241E10D6B5009DA7DF /* AFSecurityPolicy.m in Sources */,
				BCF4CC911E113245009DA7DF /* KDViewPager.m in Sources */,
				BCF4CC231E10D6B5009DA7DF /* AFNetworkReachabilityManager.m in Sources */,
				BCF4CC9E1E113AF6009DA7DF /* RoadTestPageController.m in Sources */,
				BCC405691DD0A06400E313F7 /* LoginController.m in Sources */,
				BCF4CC251E10D6B5009DA7DF /* AFURLConnectionOperation.m in Sources */,
				BCF4CC201E10D6B5009DA7DF /* AFHTTPRequestOperation.m in Sources */,
				BCF4CC221E10D6B5009DA7DF /* AFHTTPSessionManager.m in Sources */,
				BCF4CC261E10D6B5009DA7DF /* AFURLRequestSerialization.m in Sources */,
				BCF4CC321E10D6CB009DA7DF /* SVProgressHUD.m in Sources */,
				BCC405391DD0A00E00E313F7 /* ViewController.m in Sources */,
				BCF4CC281E10D6B5009DA7DF /* AFURLSessionManager.m in Sources */,
				BCF4CCAE1E11457E009DA7DF /* SideMenuViewController.m in Sources */,
				BCF4CCAA1E114102009DA7DF /* UIViewController+MFSideMenuAdditions.m in Sources */,
				BCF4CCA81E114102009DA7DF /* MFSideMenuContainerViewController.m in Sources */,
				BCF4CC291E10D6B5009DA7DF /* Reachability.m in Sources */,
				BCC405361DD0A00E00E313F7 /* AppDelegate.m in Sources */,
				BCF4CC301E10D6CB009DA7DF /* SVIndefiniteAnimatedView.m in Sources */,
				BCF4CC211E10D6B5009DA7DF /* AFHTTPRequestOperationManager.m in Sources */,
				BCF4CC581E1106C6009DA7DF /* RoadTestCell.m in Sources */,
				BCF4CC991E113A79009DA7DF /* ReportPageController.m in Sources */,
				BCF4CBEA1E10D661009DA7DF /* JSONParser.m in Sources */,
				BCF4CC271E10D6B5009DA7DF /* AFURLResponseSerialization.m in Sources */,
				BCF4CCA91E114102009DA7DF /* MFSideMenuShadow.m in Sources */,
				BCF4CC491E10FEB8009DA7DF /* MainScreen.m in Sources */,
				BCC405331DD0A00E00E313F7 /* main.m in Sources */,
				BCF4CBEB1E10D661009DA7DF /* JsonParserWithAF.m in Sources */,
				BCC4053F1DD0A00E00E313F7 /* RoadApp.xcdatamodeld in Sources */,
			);
			runOnlyForDeploymentPostprocessing = 0;
		};
		BCC405461DD0A00F00E313F7 /* Sources */ = {
			isa = PBXSourcesBuildPhase;
			buildActionMask = 2147483647;
			files = (
				BCC4054F1DD0A00F00E313F7 /* RoadAppTests.m in Sources */,
			);
			runOnlyForDeploymentPostprocessing = 0;
		};
		BCC405511DD0A00F00E313F7 /* Sources */ = {
			isa = PBXSourcesBuildPhase;
			buildActionMask = 2147483647;
			files = (
				BCC4055A1DD0A00F00E313F7 /* RoadAppUITests.m in Sources */,
			);
			runOnlyForDeploymentPostprocessing = 0;
		};
/* End PBXSourcesBuildPhase section */

/* Begin PBXTargetDependency section */
		BCC4054C1DD0A00F00E313F7 /* PBXTargetDependency */ = {
			isa = PBXTargetDependency;
			target = BCC4052D1DD0A00E00E313F7 /* RoadApp */;
			targetProxy = BCC4054B1DD0A00F00E313F7 /* PBXContainerItemProxy */;
		};
		BCC405571DD0A00F00E313F7 /* PBXTargetDependency */ = {
			isa = PBXTargetDependency;
			target = BCC4052D1DD0A00E00E313F7 /* RoadApp */;
			targetProxy = BCC405561DD0A00F00E313F7 /* PBXContainerItemProxy */;
		};
/* End PBXTargetDependency section */

/* Begin PBXVariantGroup section */
		BCC4053A1DD0A00E00E313F7 /* Main.storyboard */ = {
			isa = PBXVariantGroup;
			children = (
				BCC4053B1DD0A00E00E313F7 /* Base */,
			);
			name = Main.storyboard;
			sourceTree = "<group>";
		};
		BCC405421DD0A00E00E313F7 /* LaunchScreen.storyboard */ = {
			isa = PBXVariantGroup;
			children = (
				BCC405431DD0A00E00E313F7 /* Base */,
			);
			name = LaunchScreen.storyboard;
			sourceTree = "<group>";
		};
/* End PBXVariantGroup section */

/* Begin XCBuildConfiguration section */
		BCC4055C1DD0A00F00E313F7 /* Debug */ = {
			isa = XCBuildConfiguration;
			buildSettings = {
				ALWAYS_SEARCH_USER_PATHS = NO;
				CLANG_ANALYZER_NONNULL = YES;
				CLANG_CXX_LANGUAGE_STANDARD = "gnu++0x";
				CLANG_CXX_LIBRARY = "libc++";
				CLANG_ENABLE_MODULES = YES;
				CLANG_ENABLE_OBJC_ARC = YES;
				CLANG_WARN_BOOL_CONVERSION = YES;
				CLANG_WARN_CONSTANT_CONVERSION = YES;
				CLANG_WARN_DIRECT_OBJC_ISA_USAGE = YES_ERROR;
				CLANG_WARN_EMPTY_BODY = YES;
				CLANG_WARN_ENUM_CONVERSION = YES;
				CLANG_WARN_INT_CONVERSION = YES;
				CLANG_WARN_OBJC_ROOT_CLASS = YES_ERROR;
				CLANG_WARN_UNREACHABLE_CODE = YES;
				CLANG_WARN__DUPLICATE_METHOD_MATCH = YES;
				"CODE_SIGN_IDENTITY[sdk=iphoneos*]" = "iPhone Developer";
				COPY_PHASE_STRIP = NO;
				DEBUG_INFORMATION_FORMAT = dwarf;
				ENABLE_STRICT_OBJC_MSGSEND = YES;
				ENABLE_TESTABILITY = YES;
				FRAMEWORK_SEARCH_PATHS = "$(inherited)";
				GCC_C_LANGUAGE_STANDARD = gnu99;
				GCC_DYNAMIC_NO_PIC = NO;
				GCC_NO_COMMON_BLOCKS = YES;
				GCC_OPTIMIZATION_LEVEL = 0;
				GCC_PREPROCESSOR_DEFINITIONS = (
					"DEBUG=1",
					"$(inherited)",
				);
				GCC_WARN_64_TO_32_BIT_CONVERSION = YES;
				GCC_WARN_ABOUT_RETURN_TYPE = YES_ERROR;
				GCC_WARN_UNDECLARED_SELECTOR = YES;
				GCC_WARN_UNINITIALIZED_AUTOS = YES_AGGRESSIVE;
				GCC_WARN_UNUSED_FUNCTION = YES;
				GCC_WARN_UNUSED_VARIABLE = YES;
				IPHONEOS_DEPLOYMENT_TARGET = 9.1;
				MTL_ENABLE_DEBUG_INFO = YES;
				ONLY_ACTIVE_ARCH = YES;
				OTHER_LDFLAGS = "-all_load";
				SDKROOT = iphoneos;
				TARGETED_DEVICE_FAMILY = "1,2";
			};
			name = Debug;
		};
		BCC4055D1DD0A00F00E313F7 /* Release */ = {
			isa = XCBuildConfiguration;
			buildSettings = {
				ALWAYS_SEARCH_USER_PATHS = NO;
				CLANG_ANALYZER_NONNULL = YES;
				CLANG_CXX_LANGUAGE_STANDARD = "gnu++0x";
				CLANG_CXX_LIBRARY = "libc++";
				CLANG_ENABLE_MODULES = YES;
				CLANG_ENABLE_OBJC_ARC = YES;
				CLANG_WARN_BOOL_CONVERSION = YES;
				CLANG_WARN_CONSTANT_CONVERSION = YES;
				CLANG_WARN_DIRECT_OBJC_ISA_USAGE = YES_ERROR;
				CLANG_WARN_EMPTY_BODY = YES;
				CLANG_WARN_ENUM_CONVERSION = YES;
				CLANG_WARN_INT_CONVERSION = YES;
				CLANG_WARN_OBJC_ROOT_CLASS = YES_ERROR;
				CLANG_WARN_UNREACHABLE_CODE = YES;
				CLANG_WARN__DUPLICATE_METHOD_MATCH = YES;
				"CODE_SIGN_IDENTITY[sdk=iphoneos*]" = "iPhone Developer";
				COPY_PHASE_STRIP = NO;
				DEBUG_INFORMATION_FORMAT = "dwarf-with-dsym";
				ENABLE_NS_ASSERTIONS = NO;
				ENABLE_STRICT_OBJC_MSGSEND = YES;
				FRAMEWORK_SEARCH_PATHS = "$(inherited)";
				GCC_C_LANGUAGE_STANDARD = gnu99;
				GCC_NO_COMMON_BLOCKS = YES;
				GCC_WARN_64_TO_32_BIT_CONVERSION = YES;
				GCC_WARN_ABOUT_RETURN_TYPE = YES_ERROR;
				GCC_WARN_UNDECLARED_SELECTOR = YES;
				GCC_WARN_UNINITIALIZED_AUTOS = YES_AGGRESSIVE;
				GCC_WARN_UNUSED_FUNCTION = YES;
				GCC_WARN_UNUSED_VARIABLE = YES;
				IPHONEOS_DEPLOYMENT_TARGET = 9.1;
				MTL_ENABLE_DEBUG_INFO = NO;
				OTHER_LDFLAGS = "-all_load";
				SDKROOT = iphoneos;
				TARGETED_DEVICE_FAMILY = "1,2";
				VALIDATE_PRODUCT = YES;
			};
			name = Release;
		};
		BCC4055F1DD0A00F00E313F7 /* Debug */ = {
			isa = XCBuildConfiguration;
			buildSettings = {
				ALWAYS_SEARCH_USER_PATHS = YES;
				ASSETCATALOG_COMPILER_APPICON_NAME = AppIcon;
				CODE_SIGN_IDENTITY = "iPhone Developer";
				"CODE_SIGN_IDENTITY[sdk=iphoneos*]" = "iPhone Developer";
				FRAMEWORK_SEARCH_PATHS = (
					"$(inherited)",
					"$(PROJECT_DIR)/RoadApp",
				);
				GENERATE_MASTER_OBJECT_FILE = YES;
				HEADER_SEARCH_PATHS = "$(inherited)";
				INFOPLIST_FILE = RoadApp/Info.plist;
				IPHONEOS_DEPLOYMENT_TARGET = 9.1;
				LD_RUNPATH_SEARCH_PATHS = "$(inherited) @executable_path/Frameworks";
				LINK_WITH_STANDARD_LIBRARIES = YES;
				OTHER_LDFLAGS = "-ObjC";
				PRODUCT_BUNDLE_IDENTIFIER = com.dungdv4.RoadApp;
				PRODUCT_NAME = "$(TARGET_NAME)";
				PROVISIONING_PROFILE = "";
				TARGETED_DEVICE_FAMILY = 1;
			};
			name = Debug;
		};
		BCC405601DD0A00F00E313F7 /* Release */ = {
			isa = XCBuildConfiguration;
			buildSettings = {
				ALWAYS_SEARCH_USER_PATHS = YES;
				ASSETCATALOG_COMPILER_APPICON_NAME = AppIcon;
				CODE_SIGN_IDENTITY = "iPhone Developer";
				"CODE_SIGN_IDENTITY[sdk=iphoneos*]" = "iPhone Developer";
				FRAMEWORK_SEARCH_PATHS = (
					"$(inherited)",
					"$(PROJECT_DIR)/RoadApp",
				);
				GENERATE_MASTER_OBJECT_FILE = YES;
				HEADER_SEARCH_PATHS = "$(inherited)";
				INFOPLIST_FILE = RoadApp/Info.plist;
				IPHONEOS_DEPLOYMENT_TARGET = 9.1;
				LD_RUNPATH_SEARCH_PATHS = "$(inherited) @executable_path/Frameworks";
				LINK_WITH_STANDARD_LIBRARIES = YES;
				OTHER_LDFLAGS = "-ObjC";
				PRODUCT_BUNDLE_IDENTIFIER = com.dungdv4.RoadApp;
				PRODUCT_NAME = "$(TARGET_NAME)";
				PROVISIONING_PROFILE = "";
				TARGETED_DEVICE_FAMILY = 1;
			};
			name = Release;
		};
		BCC405621DD0A00F00E313F7 /* Debug */ = {
			isa = XCBuildConfiguration;
			buildSettings = {
				BUNDLE_LOADER = "$(TEST_HOST)";
				INFOPLIST_FILE = RoadAppTests/Info.plist;
				LD_RUNPATH_SEARCH_PATHS = "$(inherited) @executable_path/Frameworks @loader_path/Frameworks";
				PRODUCT_BUNDLE_IDENTIFIER = com.dungdv4.RoadAppTests;
				PRODUCT_NAME = "$(TARGET_NAME)";
				TEST_HOST = "$(BUILT_PRODUCTS_DIR)/RoadApp.app/RoadApp";
			};
			name = Debug;
		};
		BCC405631DD0A00F00E313F7 /* Release */ = {
			isa = XCBuildConfiguration;
			buildSettings = {
				BUNDLE_LOADER = "$(TEST_HOST)";
				INFOPLIST_FILE = RoadAppTests/Info.plist;
				LD_RUNPATH_SEARCH_PATHS = "$(inherited) @executable_path/Frameworks @loader_path/Frameworks";
				PRODUCT_BUNDLE_IDENTIFIER = com.dungdv4.RoadAppTests;
				PRODUCT_NAME = "$(TARGET_NAME)";
				TEST_HOST = "$(BUILT_PRODUCTS_DIR)/RoadApp.app/RoadApp";
			};
			name = Release;
		};
		BCC405651DD0A00F00E313F7 /* Debug */ = {
			isa = XCBuildConfiguration;
			buildSettings = {
				INFOPLIST_FILE = RoadAppUITests/Info.plist;
				LD_RUNPATH_SEARCH_PATHS = "$(inherited) @executable_path/Frameworks @loader_path/Frameworks";
				PRODUCT_BUNDLE_IDENTIFIER = com.dungdv4.RoadAppUITests;
				PRODUCT_NAME = "$(TARGET_NAME)";
				TEST_TARGET_NAME = RoadApp;
			};
			name = Debug;
		};
		BCC405661DD0A00F00E313F7 /* Release */ = {
			isa = XCBuildConfiguration;
			buildSettings = {
				INFOPLIST_FILE = RoadAppUITests/Info.plist;
				LD_RUNPATH_SEARCH_PATHS = "$(inherited) @executable_path/Frameworks @loader_path/Frameworks";
				PRODUCT_BUNDLE_IDENTIFIER = com.dungdv4.RoadAppUITests;
				PRODUCT_NAME = "$(TARGET_NAME)";
				TEST_TARGET_NAME = RoadApp;
			};
			name = Release;
		};
/* End XCBuildConfiguration section */

/* Begin XCConfigurationList section */
		BCC405291DD0A00E00E313F7 /* Build configuration list for PBXProject "RoadApp" */ = {
			isa = XCConfigurationList;
			buildConfigurations = (
				BCC4055C1DD0A00F00E313F7 /* Debug */,
				BCC4055D1DD0A00F00E313F7 /* Release */,
			);
			defaultConfigurationIsVisible = 0;
			defaultConfigurationName = Release;
		};
		BCC4055E1DD0A00F00E313F7 /* Build configuration list for PBXNativeTarget "RoadApp" */ = {
			isa = XCConfigurationList;
			buildConfigurations = (
				BCC4055F1DD0A00F00E313F7 /* Debug */,
				BCC405601DD0A00F00E313F7 /* Release */,
			);
			defaultConfigurationIsVisible = 0;
			defaultConfigurationName = Release;
		};
		BCC405611DD0A00F00E313F7 /* Build configuration list for PBXNativeTarget "RoadAppTests" */ = {
			isa = XCConfigurationList;
			buildConfigurations = (
				BCC405621DD0A00F00E313F7 /* Debug */,
				BCC405631DD0A00F00E313F7 /* Release */,
			);
			defaultConfigurationIsVisible = 0;
			defaultConfigurationName = Release;
		};
		BCC405641DD0A00F00E313F7 /* Build configuration list for PBXNativeTarget "RoadAppUITests" */ = {
			isa = XCConfigurationList;
			buildConfigurations = (
				BCC405651DD0A00F00E313F7 /* Debug */,
				BCC405661DD0A00F00E313F7 /* Release */,
			);
			defaultConfigurationIsVisible = 0;
			defaultConfigurationName = Release;
		};
/* End XCConfigurationList section */

/* Begin XCVersionGroup section */
		BCC4053D1DD0A00E00E313F7 /* RoadApp.xcdatamodeld */ = {
			isa = XCVersionGroup;
			children = (
				BCC4053E1DD0A00E00E313F7 /* RoadApp.xcdatamodel */,
			);
			currentVersion = BCC4053E1DD0A00E00E313F7 /* RoadApp.xcdatamodel */;
			path = RoadApp.xcdatamodeld;
			sourceTree = "<group>";
			versionGroupType = wrapper.xcdatamodel;
		};
/* End XCVersionGroup section */
	};
	rootObject = BCC405261DD0A00E00E313F7 /* Project object */;
}
